// !$*UTF8*$!
{
	archiveVersion = 1;
	classes = {
	};
	objectVersion = 46;
	objects = {

/* Begin PBXBuildFile section */
		03A8D96074701993A761D4DA74DDA1FE /* Cancellable.swift in Sources */ = {isa = PBXBuildFile; fileRef = 7AB9F6C8556BAD3FA0C8243675C5D59F /* Cancellable.swift */; settings = {COMPILER_FLAGS = "-w -Xanalyzer -analyzer-disable-all-checks"; }; };
		0BF96C90FD9427084AEEE5A80777D315 /* ParameterEncoding.swift in Sources */ = {isa = PBXBuildFile; fileRef = 5FD442C08DFB7E399451AFA4F7CDF03B /* ParameterEncoding.swift */; settings = {COMPILER_FLAGS = "-w -Xanalyzer -analyzer-disable-all-checks"; }; };
		0C44C0A1EF86841BF35EF85D154166EF /* Placeholder.swift in Sources */ = {isa = PBXBuildFile; fileRef = 55DDCEEE44A759BC9B40D274A19FD7D9 /* Placeholder.swift */; settings = {COMPILER_FLAGS = "-w -Xanalyzer -analyzer-disable-all-checks"; }; };
		101D68CCCA06C7B3FE851D9E825113FB /* MoyaProvider.swift in Sources */ = {isa = PBXBuildFile; fileRef = 041C7891AD6B04140423AA506469AA68 /* MoyaProvider.swift */; settings = {COMPILER_FLAGS = "-w -Xanalyzer -analyzer-disable-all-checks"; }; };
		219F60BC64D51E7D35F3B337D78E5917 /* Image.swift in Sources */ = {isa = PBXBuildFile; fileRef = F9677698A7CF7043FCFCF05B71BFA684 /* Image.swift */; settings = {COMPILER_FLAGS = "-w -Xanalyzer -analyzer-disable-all-checks"; }; };
		284415F3643DD8966B8CB820804488D8 /* Result-umbrella.h in Headers */ = {isa = PBXBuildFile; fileRef = 787F09F3EFA91C8E30316D5DF3665313 /* Result-umbrella.h */; settings = {ATTRIBUTES = (Public, ); }; };
		29DEE3FBDDD5B51FBFF1FC6F811F98EA /* ValidationType.swift in Sources */ = {isa = PBXBuildFile; fileRef = DA0AA864FC2FA52FDD4F284C8D2EAA85 /* ValidationType.swift */; settings = {COMPILER_FLAGS = "-w -Xanalyzer -analyzer-disable-all-checks"; }; };
		2B811FF11559883F26C5BDDB9CDB75EC /* CacheSerializer.swift in Sources */ = {isa = PBXBuildFile; fileRef = 2C2E981CD5D70966F14FB2F30F5369A3 /* CacheSerializer.swift */; settings = {COMPILER_FLAGS = "-w -Xanalyzer -analyzer-disable-all-checks"; }; };
		2D4D74ED8EA06B023535A24CA7907DE0 /* AccessTokenPlugin.swift in Sources */ = {isa = PBXBuildFile; fileRef = ADEDF638C8D0E967BFB90A4E016C5403 /* AccessTokenPlugin.swift */; settings = {COMPILER_FLAGS = "-w -Xanalyzer -analyzer-disable-all-checks"; }; };
		2D9125D324C64F8BFA0CFEEE1D465755 /* Result.swift in Sources */ = {isa = PBXBuildFile; fileRef = BA0F0FCDA38D7A886DE9D74878120D70 /* Result.swift */; settings = {COMPILER_FLAGS = "-w -Xanalyzer -analyzer-disable-all-checks"; }; };
		2FD4EF4E06CA27960FCFBEA219E8AEFE /* FormatIndicatedCacheSerializer.swift in Sources */ = {isa = PBXBuildFile; fileRef = 7AA9E4BDFE6E2C8E214B69A855F8FFE2 /* FormatIndicatedCacheSerializer.swift */; settings = {COMPILER_FLAGS = "-w -Xanalyzer -analyzer-disable-all-checks"; }; };
		31E097613F217BBF4E774D235917E165 /* TaskDelegate.swift in Sources */ = {isa = PBXBuildFile; fileRef = 8026F78FE8B3BBC49A9F822036ABC3E3 /* TaskDelegate.swift */; settings = {COMPILER_FLAGS = "-w -Xanalyzer -analyzer-disable-all-checks"; }; };
		380AB507E894C48B1BFD8D6F7434A5EB /* ImageProcessor.swift in Sources */ = {isa = PBXBuildFile; fileRef = 171C2C268868B705CFBCEC27962906B9 /* ImageProcessor.swift */; settings = {COMPILER_FLAGS = "-w -Xanalyzer -analyzer-disable-all-checks"; }; };
		38BB06D142F81D96189A306B6129B524 /* KingfisherOptionsInfo.swift in Sources */ = {isa = PBXBuildFile; fileRef = D663CB4C14C3575A2E74AD7B8A7F6BE0 /* KingfisherOptionsInfo.swift */; settings = {COMPILER_FLAGS = "-w -Xanalyzer -analyzer-disable-all-checks"; }; };
		39E46DB3A3EA5EB4427CC89A9FBE6127 /* DispatchQueue+Alamofire.swift in Sources */ = {isa = PBXBuildFile; fileRef = 3C81B82EA075C43A388680C4CB9F67A9 /* DispatchQueue+Alamofire.swift */; settings = {COMPILER_FLAGS = "-w -Xanalyzer -analyzer-disable-all-checks"; }; };
		3CDAB53959CB40CBD7E8B819BAD8C8E2 /* ThreadHelper.swift in Sources */ = {isa = PBXBuildFile; fileRef = 0DF338D89D637E0D40E2C4514572EC69 /* ThreadHelper.swift */; settings = {COMPILER_FLAGS = "-w -Xanalyzer -analyzer-disable-all-checks"; }; };
		40E83A2C4472A974BA66E787E66ACB40 /* MultipartFormData.swift in Sources */ = {isa = PBXBuildFile; fileRef = 94D9231B6A1146A95F77A0C4CE5223F9 /* MultipartFormData.swift */; settings = {COMPILER_FLAGS = "-w -Xanalyzer -analyzer-disable-all-checks"; }; };
		42841C337F34F023C4FF6FFAB0E8C530 /* RequestModifier.swift in Sources */ = {isa = PBXBuildFile; fileRef = 555A36E12F8C12EFB3977DC6386E8729 /* RequestModifier.swift */; settings = {COMPILER_FLAGS = "-w -Xanalyzer -analyzer-disable-all-checks"; }; };
		43DBD9A5298BDA6BE6B61EA25D7933A4 /* NetworkLoggerPlugin.swift in Sources */ = {isa = PBXBuildFile; fileRef = 97A0D00BF970D51B8024DB9909D0B26A /* NetworkLoggerPlugin.swift */; settings = {COMPILER_FLAGS = "-w -Xanalyzer -analyzer-disable-all-checks"; }; };
		4883662E48BF75252A740FE4516238FC /* Image.swift in Sources */ = {isa = PBXBuildFile; fileRef = 75A66F5438030E4D8DC0C703CF55CAAF /* Image.swift */; settings = {COMPILER_FLAGS = "-w -Xanalyzer -analyzer-disable-all-checks"; }; };
		4D14A33BDE409578F35C40F95F749579 /* KingfisherManager.swift in Sources */ = {isa = PBXBuildFile; fileRef = 24BDD3856BC648E0E1141BE409B7896F /* KingfisherManager.swift */; settings = {COMPILER_FLAGS = "-w -Xanalyzer -analyzer-disable-all-checks"; }; };
		4D4A61EC172DB39FCF11C0829DF6913C /* ServerTrustPolicy.swift in Sources */ = {isa = PBXBuildFile; fileRef = 097BB7CB3FDDDA0EEEC236F7D353B024 /* ServerTrustPolicy.swift */; settings = {COMPILER_FLAGS = "-w -Xanalyzer -analyzer-disable-all-checks"; }; };
		4D9399104A16D942E34DF306BE2D3DA1 /* URL+Moya.swift in Sources */ = {isa = PBXBuildFile; fileRef = CCB7447EDABB1116FFC617F5257E181D /* URL+Moya.swift */; settings = {COMPILER_FLAGS = "-w -Xanalyzer -analyzer-disable-all-checks"; }; };
		502A74E1F6ED420CCF63085D60523F2A /* CredentialsPlugin.swift in Sources */ = {isa = PBXBuildFile; fileRef = 426A6C3CC32E8FA3EF755FBC0C87E261 /* CredentialsPlugin.swift */; settings = {COMPILER_FLAGS = "-w -Xanalyzer -analyzer-disable-all-checks"; }; };
		56BEC83974E0E941F93C3CF834B78BBA /* Foundation.framework in Frameworks */ = {isa = PBXBuildFile; fileRef = 30CD483A7A691E9886897FDFE55FFBB3 /* Foundation.framework */; };
		5FAE6243000CCAF381D57109484B1396 /* SessionDelegate.swift in Sources */ = {isa = PBXBuildFile; fileRef = 61F15FCC2D709045AB6775BA19AC3ADB /* SessionDelegate.swift */; settings = {COMPILER_FLAGS = "-w -Xanalyzer -analyzer-disable-all-checks"; }; };
		66777B3D392D4AF8CBAE17A9C5D13C2F /* Timeline.swift in Sources */ = {isa = PBXBuildFile; fileRef = 2E7D483C4F35ABB05AA2E98083E8CAFB /* Timeline.swift */; settings = {COMPILER_FLAGS = "-w -Xanalyzer -analyzer-disable-all-checks"; }; };
		67652E65582E943E422E85131B71394F /* Moya-umbrella.h in Headers */ = {isa = PBXBuildFile; fileRef = CA1D5E78B06D155B6B528009E3F88A2A /* Moya-umbrella.h */; settings = {ATTRIBUTES = (Public, ); }; };
		684109ACA28A049CC35C02974B4DC2F3 /* MoyaError.swift in Sources */ = {isa = PBXBuildFile; fileRef = 0B4142D53C315E387D6C0F2441AF59DF /* MoyaError.swift */; settings = {COMPILER_FLAGS = "-w -Xanalyzer -analyzer-disable-all-checks"; }; };
		6B49901B11C14A422EAEC2493C460BC2 /* Plugin.swift in Sources */ = {isa = PBXBuildFile; fileRef = EE8C79F11A33EA3E0E6B4E8C40D79EF2 /* Plugin.swift */; settings = {COMPILER_FLAGS = "-w -Xanalyzer -analyzer-disable-all-checks"; }; };
		6B54942EF1506DF8123024D5A4A36B0A /* ImagePrefetcher.swift in Sources */ = {isa = PBXBuildFile; fileRef = 83BCE7A29347DB034B67B83293FD9F7D /* ImagePrefetcher.swift */; settings = {COMPILER_FLAGS = "-w -Xanalyzer -analyzer-disable-all-checks"; }; };
		6E234A862ED158238D3CB582143270EF /* Alamofire.swift in Sources */ = {isa = PBXBuildFile; fileRef = 167024448D0126F8340763E54D4E2D9F /* Alamofire.swift */; settings = {COMPILER_FLAGS = "-w -Xanalyzer -analyzer-disable-all-checks"; }; };
		6E36CC5B1A6AC93F45AEA67617C857CF /* Foundation.framework in Frameworks */ = {isa = PBXBuildFile; fileRef = 30CD483A7A691E9886897FDFE55FFBB3 /* Foundation.framework */; };
		6F6CAB023B158752BEF707892392862E /* Pods-ComicCards-umbrella.h in Headers */ = {isa = PBXBuildFile; fileRef = 89354E2E58115BDDB062FAECD59C3E6B /* Pods-ComicCards-umbrella.h */; settings = {ATTRIBUTES = (Public, ); }; };
		71C8993DD60E299326A97D5329C3CD71 /* Alamofire-dummy.m in Sources */ = {isa = PBXBuildFile; fileRef = 600E4D41DD20B38159828ADE59BED305 /* Alamofire-dummy.m */; };
		72EDF21BFA7D0C52E40EAB4354F8AF44 /* Response.swift in Sources */ = {isa = PBXBuildFile; fileRef = EBFF970063CB2F5B91552483FCE07ED0 /* Response.swift */; settings = {COMPILER_FLAGS = "-w -Xanalyzer -analyzer-disable-all-checks"; }; };
		7398A44F3821586A91E52E1877AF76B3 /* Kingfisher.swift in Sources */ = {isa = PBXBuildFile; fileRef = CB59798E787A9864A7B3E1843EEB3E83 /* Kingfisher.swift */; settings = {COMPILER_FLAGS = "-w -Xanalyzer -analyzer-disable-all-checks"; }; };
		74991D9F2A55044D75545D00A70C8CA9 /* Kingfisher.h in Headers */ = {isa = PBXBuildFile; fileRef = 3ED308034AB9A512B8D83C4821A632AC /* Kingfisher.h */; settings = {ATTRIBUTES = (Public, ); }; };
		780DEEE690B120A68045A6EDB5B54280 /* Moya-dummy.m in Sources */ = {isa = PBXBuildFile; fileRef = E1CC044E8A636C45019DACAF0DF7A22A /* Moya-dummy.m */; };
		787E5BEFCCF6267C47E557B1E0F6C4D4 /* MultipartFormData.swift in Sources */ = {isa = PBXBuildFile; fileRef = B8BEFBD96C9534CF3036AC6B8F5B883E /* MultipartFormData.swift */; settings = {COMPILER_FLAGS = "-w -Xanalyzer -analyzer-disable-all-checks"; }; };
		7D5A0439F004CFDE2809965C02BD8755 /* Moya+Alamofire.swift in Sources */ = {isa = PBXBuildFile; fileRef = 7C3700ADA9506FB44C60DACE6832F2F1 /* Moya+Alamofire.swift */; settings = {COMPILER_FLAGS = "-w -Xanalyzer -analyzer-disable-all-checks"; }; };
		7DDEEA91D0D552EA97C246C730D78824 /* AFError.swift in Sources */ = {isa = PBXBuildFile; fileRef = 38CB7FBB8C48C26C9780FD76BA9B70E3 /* AFError.swift */; settings = {COMPILER_FLAGS = "-w -Xanalyzer -analyzer-disable-all-checks"; }; };
		7EC081DD8278C6EAE47536D90FD27B10 /* Response.swift in Sources */ = {isa = PBXBuildFile; fileRef = 08CA475985088B8AE053214AB3816B1B /* Response.swift */; settings = {COMPILER_FLAGS = "-w -Xanalyzer -analyzer-disable-all-checks"; }; };
		7EC61770466C1FF57B5A2C82046284B7 /* Request.swift in Sources */ = {isa = PBXBuildFile; fileRef = 3944ABB8AB2B5442033125983C873758 /* Request.swift */; settings = {COMPILER_FLAGS = "-w -Xanalyzer -analyzer-disable-all-checks"; }; };
		7F1D266D4038E7EDFBF64C26BD2635D4 /* ImageTransition.swift in Sources */ = {isa = PBXBuildFile; fileRef = 3F7E18EED3E12416D1D3E1B7531B62A7 /* ImageTransition.swift */; settings = {COMPILER_FLAGS = "-w -Xanalyzer -analyzer-disable-all-checks"; }; };
		80C433B4D3695F2D158DBCE57E434900 /* CFNetwork.framework in Frameworks */ = {isa = PBXBuildFile; fileRef = 89C4442B362B5B9BA2A9DE4371624156 /* CFNetwork.framework */; };
		848D16C122A10C459015C280754C15F2 /* MoyaProvider+Internal.swift in Sources */ = {isa = PBXBuildFile; fileRef = 3A6839B73C2DB0A50048AF242B469D93 /* MoyaProvider+Internal.swift */; settings = {COMPILER_FLAGS = "-w -Xanalyzer -analyzer-disable-all-checks"; }; };
		8BE9273D76C0CD89C417B9974F90BEA8 /* Kingfisher-dummy.m in Sources */ = {isa = PBXBuildFile; fileRef = 0EF28CB5A96CB76B4D098C29532DDCE1 /* Kingfisher-dummy.m */; };
		8C8C5F0F5B8D92E63FCE0EB5A32694C0 /* Result.framework in Frameworks */ = {isa = PBXBuildFile; fileRef = CC05A2DC488A2DEF94118C40891FEF7D /* Result.framework */; };
		8CA62D539921DA324E2ED095EEC6D23C /* Pods-ComicCards-dummy.m in Sources */ = {isa = PBXBuildFile; fileRef = 12E577637AAACACE1009029513D83D5F /* Pods-ComicCards-dummy.m */; };
		8CD0AA362DE3F9F569C0E6C939DE52BA /* AnyEncodable.swift in Sources */ = {isa = PBXBuildFile; fileRef = 43501EB9404666914862FC375240A41B /* AnyEncodable.swift */; settings = {COMPILER_FLAGS = "-w -Xanalyzer -analyzer-disable-all-checks"; }; };
		8D1E66FE754A575BFFD9E0A4AD2E5ACC /* Foundation.framework in Frameworks */ = {isa = PBXBuildFile; fileRef = 30CD483A7A691E9886897FDFE55FFBB3 /* Foundation.framework */; };
		900DF4818E3D10AD8E98F776564476E8 /* Result-dummy.m in Sources */ = {isa = PBXBuildFile; fileRef = F38B1EBC74508A18B93D64A74E3CC0F5 /* Result-dummy.m */; };
		916E20246E05CF2D885A3349938953A0 /* Task.swift in Sources */ = {isa = PBXBuildFile; fileRef = DCAF92D606DDEA71783EDF2D1301DCD9 /* Task.swift */; settings = {COMPILER_FLAGS = "-w -Xanalyzer -analyzer-disable-all-checks"; }; };
		918D55F16814247D5D0D74FC75B48FBE /* Validation.swift in Sources */ = {isa = PBXBuildFile; fileRef = C0F488C9BCC2960E1557BF935C67BB38 /* Validation.swift */; settings = {COMPILER_FLAGS = "-w -Xanalyzer -analyzer-disable-all-checks"; }; };
		91C9626612DF72AF4A43458C17BE0AEF /* AnimatedImageView.swift in Sources */ = {isa = PBXBuildFile; fileRef = 3D2F338D72BBECA122078D88CB7E7580 /* AnimatedImageView.swift */; settings = {COMPILER_FLAGS = "-w -Xanalyzer -analyzer-disable-all-checks"; }; };
		9299BB47C6CECF8E3457951BC98440AE /* Resource.swift in Sources */ = {isa = PBXBuildFile; fileRef = F6E4BE8092F5FEFBBF00460A09005364 /* Resource.swift */; settings = {COMPILER_FLAGS = "-w -Xanalyzer -analyzer-disable-all-checks"; }; };
		97772250096FB8028A79A47DDB59F3B6 /* String+MD5.swift in Sources */ = {isa = PBXBuildFile; fileRef = FA8858A431705FE8E7AAF32EF042ED88 /* String+MD5.swift */; settings = {COMPILER_FLAGS = "-w -Xanalyzer -analyzer-disable-all-checks"; }; };
		9AB5C8D65E18F6CB0F1AA5D94082F711 /* ResultProtocol.swift in Sources */ = {isa = PBXBuildFile; fileRef = 2E316863AFAB4F71A61F1247110C89DE /* ResultProtocol.swift */; settings = {COMPILER_FLAGS = "-w -Xanalyzer -analyzer-disable-all-checks"; }; };
		A3937C46B3B0486D0364A45333A08897 /* ImageDownloader.swift in Sources */ = {isa = PBXBuildFile; fileRef = 85F2906822B11CC87C13D68DC89A005A /* ImageDownloader.swift */; settings = {COMPILER_FLAGS = "-w -Xanalyzer -analyzer-disable-all-checks"; }; };
		A892B962DDE059762CFBDA324851C0D5 /* Box.swift in Sources */ = {isa = PBXBuildFile; fileRef = 91C737CC5CCD3C1E7622BA9AAB12185E /* Box.swift */; settings = {COMPILER_FLAGS = "-w -Xanalyzer -analyzer-disable-all-checks"; }; };
		AA99EAA2DBDA3E9E813EE2A20117D1DB /* URLRequest+Encoding.swift in Sources */ = {isa = PBXBuildFile; fileRef = C49AA79668480F9BA9E149C7C49594CA /* URLRequest+Encoding.swift */; settings = {COMPILER_FLAGS = "-w -Xanalyzer -analyzer-disable-all-checks"; }; };
		AE633B3532903E2EF04B5D7BA480C3C7 /* Kingfisher-umbrella.h in Headers */ = {isa = PBXBuildFile; fileRef = AE265BF9D1875BDAABE7EDE7199B2A74 /* Kingfisher-umbrella.h */; settings = {ATTRIBUTES = (Public, ); }; };
		BA80B2F1E810649F44EC3A6920F8A353 /* MoyaProvider+Defaults.swift in Sources */ = {isa = PBXBuildFile; fileRef = BC2AA04C68B4783D7F36C0A2944EC34D /* MoyaProvider+Defaults.swift */; settings = {COMPILER_FLAGS = "-w -Xanalyzer -analyzer-disable-all-checks"; }; };
		BBE6F4BBC4BA197436274C9A80B2CAA7 /* Endpoint.swift in Sources */ = {isa = PBXBuildFile; fileRef = E77C40122663D755902C24FE94C08182 /* Endpoint.swift */; settings = {COMPILER_FLAGS = "-w -Xanalyzer -analyzer-disable-all-checks"; }; };
		C55DEC0F78D7391EE98932641370CA64 /* NetworkActivityPlugin.swift in Sources */ = {isa = PBXBuildFile; fileRef = F1D668515F482BC85D445C371628F103 /* NetworkActivityPlugin.swift */; settings = {COMPILER_FLAGS = "-w -Xanalyzer -analyzer-disable-all-checks"; }; };
		CAFDEC2BE2BD6C00E8E71FED4BBFF080 /* Result.swift in Sources */ = {isa = PBXBuildFile; fileRef = 404E8FE60619C5A08FD274FE24319B19 /* Result.swift */; settings = {COMPILER_FLAGS = "-w -Xanalyzer -analyzer-disable-all-checks"; }; };
		CB8E5D3812E15EF16405D6A87DBB43E7 /* Indicator.swift in Sources */ = {isa = PBXBuildFile; fileRef = 1D48265399546226847967F1C1E03844 /* Indicator.swift */; settings = {COMPILER_FLAGS = "-w -Xanalyzer -analyzer-disable-all-checks"; }; };
		CB90D04111E60F6A27690AD683D677EF /* Filter.swift in Sources */ = {isa = PBXBuildFile; fileRef = 715E369CA5D06773C3D252998452BB06 /* Filter.swift */; settings = {COMPILER_FLAGS = "-w -Xanalyzer -analyzer-disable-all-checks"; }; };
		CD8E18CDF2ADF6C26CF26D5C452C369D /* Foundation.framework in Frameworks */ = {isa = PBXBuildFile; fileRef = 30CD483A7A691E9886897FDFE55FFBB3 /* Foundation.framework */; };
		CFF1D43428BA33884EB8D41397B5E8BB /* Alamofire.framework in Frameworks */ = {isa = PBXBuildFile; fileRef = 5E68E6ED7617AE6980A6513D2FD21D40 /* Alamofire.framework */; };
		D04270C0C61007A8BB065F92A680D6DE /* ResponseSerialization.swift in Sources */ = {isa = PBXBuildFile; fileRef = 4B468FF8BFE13A6E154B071EF592647E /* ResponseSerialization.swift */; settings = {COMPILER_FLAGS = "-w -Xanalyzer -analyzer-disable-all-checks"; }; };
		D22DFBEE40C74E06DA1A85F132BB0A60 /* UIButton+Kingfisher.swift in Sources */ = {isa = PBXBuildFile; fileRef = 73264474368DC0C4EBD813855E57268D /* UIButton+Kingfisher.swift */; settings = {COMPILER_FLAGS = "-w -Xanalyzer -analyzer-disable-all-checks"; }; };
		DA3B50AF86C7F0AB8AA95BC126F0D070 /* SessionManager.swift in Sources */ = {isa = PBXBuildFile; fileRef = FEA3F491FFC1A706F498EF999C75FC05 /* SessionManager.swift */; settings = {COMPILER_FLAGS = "-w -Xanalyzer -analyzer-disable-all-checks"; }; };
		E168E51972842469FAAD625F11D9D781 /* Notifications.swift in Sources */ = {isa = PBXBuildFile; fileRef = 9A6E8F5343FBBEA0E00B631721FA1356 /* Notifications.swift */; settings = {COMPILER_FLAGS = "-w -Xanalyzer -analyzer-disable-all-checks"; }; };
		E3841AB76D312BC800481E48114E2062 /* Foundation.framework in Frameworks */ = {isa = PBXBuildFile; fileRef = 30CD483A7A691E9886897FDFE55FFBB3 /* Foundation.framework */; };
		E38AAFE0AEDDB51C2B285B1BDA2E802B /* ImageCache.swift in Sources */ = {isa = PBXBuildFile; fileRef = CFC715000147E3C2327AF53B14AAE7DA /* ImageCache.swift */; settings = {COMPILER_FLAGS = "-w -Xanalyzer -analyzer-disable-all-checks"; }; };
		E98C72300FA785DD3D8700F64A29FE5D /* ImageModifier.swift in Sources */ = {isa = PBXBuildFile; fileRef = 749CFF1F0135C7E707FD726BFC9BA7A8 /* ImageModifier.swift */; settings = {COMPILER_FLAGS = "-w -Xanalyzer -analyzer-disable-all-checks"; }; };
		EF1461221681BCA12A4147900A704727 /* Alamofire-umbrella.h in Headers */ = {isa = PBXBuildFile; fileRef = F5BBD36D52278DD8A18DD0D7E123E720 /* Alamofire-umbrella.h */; settings = {ATTRIBUTES = (Public, ); }; };
		F10D2A63C7A1A6E8A604E12888578E44 /* TargetType.swift in Sources */ = {isa = PBXBuildFile; fileRef = 5E3100DAB78C017311EC50AFFC1E6BAA /* TargetType.swift */; settings = {COMPILER_FLAGS = "-w -Xanalyzer -analyzer-disable-all-checks"; }; };
		F2F1021FC04A4ED41610AB086BB61241 /* MultiTarget.swift in Sources */ = {isa = PBXBuildFile; fileRef = 97DC1D991927C97741D4E99862EDB7F5 /* MultiTarget.swift */; settings = {COMPILER_FLAGS = "-w -Xanalyzer -analyzer-disable-all-checks"; }; };
		F61BA6C4339960F1262E129A8BEE3BB0 /* ImageView+Kingfisher.swift in Sources */ = {isa = PBXBuildFile; fileRef = B1AF87A78373FEE87C672C7E9ECBED64 /* ImageView+Kingfisher.swift */; settings = {COMPILER_FLAGS = "-w -Xanalyzer -analyzer-disable-all-checks"; }; };
		FD9ACD2FBE5243A91558B907BC425CF1 /* NetworkReachabilityManager.swift in Sources */ = {isa = PBXBuildFile; fileRef = E42C67B609F2540F5EEC4F1BF72DEC67 /* NetworkReachabilityManager.swift */; settings = {COMPILER_FLAGS = "-w -Xanalyzer -analyzer-disable-all-checks"; }; };
/* End PBXBuildFile section */

/* Begin PBXContainerItemProxy section */
		0245856A9C51402959E3F3AB503806A6 /* PBXContainerItemProxy */ = {
			isa = PBXContainerItemProxy;
			containerPortal = D41D8CD98F00B204E9800998ECF8427E /* Project object */;
			proxyType = 1;
			remoteGlobalIDString = E76458C58C9140B6A16D60547E68E80C;
			remoteInfo = Alamofire;
		};
		2CB96627B86ECFA5A308AA92CCBBDBE8 /* PBXContainerItemProxy */ = {
			isa = PBXContainerItemProxy;
			containerPortal = D41D8CD98F00B204E9800998ECF8427E /* Project object */;
			proxyType = 1;
			remoteGlobalIDString = A15CD3220CB655EF65975142EDBD8C6E;
			remoteInfo = Kingfisher;
		};
		3AC8DEE84BF2D0288193C831844FCB45 /* PBXContainerItemProxy */ = {
			isa = PBXContainerItemProxy;
			containerPortal = D41D8CD98F00B204E9800998ECF8427E /* Project object */;
			proxyType = 1;
			remoteGlobalIDString = 2D67C865D9C5DAF906DB1551B824EC4B;
			remoteInfo = Moya;
		};
		66954A879930CFD8A7F9856716F2C238 /* PBXContainerItemProxy */ = {
			isa = PBXContainerItemProxy;
			containerPortal = D41D8CD98F00B204E9800998ECF8427E /* Project object */;
			proxyType = 1;
			remoteGlobalIDString = E76458C58C9140B6A16D60547E68E80C;
			remoteInfo = Alamofire;
		};
		CE6C2816B82005D7718BDBF2339271B6 /* PBXContainerItemProxy */ = {
			isa = PBXContainerItemProxy;
			containerPortal = D41D8CD98F00B204E9800998ECF8427E /* Project object */;
			proxyType = 1;
			remoteGlobalIDString = 0C9E5F03A1F20772B535076AC15D8FC2;
			remoteInfo = Result;
		};
		E0A38B95CCC4B4D1B4D24A9EF0A2F637 /* PBXContainerItemProxy */ = {
			isa = PBXContainerItemProxy;
			containerPortal = D41D8CD98F00B204E9800998ECF8427E /* Project object */;
			proxyType = 1;
			remoteGlobalIDString = 0C9E5F03A1F20772B535076AC15D8FC2;
			remoteInfo = Result;
		};
/* End PBXContainerItemProxy section */

/* Begin PBXFileReference section */
		00A205984F6DE1DBE4D329F63A516723 /* Info.plist */ = {isa = PBXFileReference; includeInIndex = 1; lastKnownFileType = text.plist.xml; path = Info.plist; sourceTree = "<group>"; };
		021A163518D6E99A586E6AEDB9A97D79 /* Moya.framework */ = {isa = PBXFileReference; explicitFileType = wrapper.framework; includeInIndex = 0; path = Moya.framework; sourceTree = BUILT_PRODUCTS_DIR; };
		041C7891AD6B04140423AA506469AA68 /* MoyaProvider.swift */ = {isa = PBXFileReference; includeInIndex = 1; lastKnownFileType = sourcecode.swift; name = MoyaProvider.swift; path = Sources/Moya/MoyaProvider.swift; sourceTree = "<group>"; };
		089612EAC8F87836A69CCF9FB15B6523 /* Result.xcconfig */ = {isa = PBXFileReference; includeInIndex = 1; lastKnownFileType = text.xcconfig; path = Result.xcconfig; sourceTree = "<group>"; };
		08CA475985088B8AE053214AB3816B1B /* Response.swift */ = {isa = PBXFileReference; includeInIndex = 1; lastKnownFileType = sourcecode.swift; name = Response.swift; path = Sources/Moya/Response.swift; sourceTree = "<group>"; };
		097BB7CB3FDDDA0EEEC236F7D353B024 /* ServerTrustPolicy.swift */ = {isa = PBXFileReference; includeInIndex = 1; lastKnownFileType = sourcecode.swift; name = ServerTrustPolicy.swift; path = Source/ServerTrustPolicy.swift; sourceTree = "<group>"; };
		0B4142D53C315E387D6C0F2441AF59DF /* MoyaError.swift */ = {isa = PBXFileReference; includeInIndex = 1; lastKnownFileType = sourcecode.swift; name = MoyaError.swift; path = Sources/Moya/MoyaError.swift; sourceTree = "<group>"; };
		0C34EF1D75CAAE1DD54FBE90FCC0CE13 /* Moya.modulemap */ = {isa = PBXFileReference; includeInIndex = 1; lastKnownFileType = sourcecode.module; path = Moya.modulemap; sourceTree = "<group>"; };
		0DF338D89D637E0D40E2C4514572EC69 /* ThreadHelper.swift */ = {isa = PBXFileReference; includeInIndex = 1; lastKnownFileType = sourcecode.swift; name = ThreadHelper.swift; path = Sources/ThreadHelper.swift; sourceTree = "<group>"; };
		0EF28CB5A96CB76B4D098C29532DDCE1 /* Kingfisher-dummy.m */ = {isa = PBXFileReference; includeInIndex = 1; lastKnownFileType = sourcecode.c.objc; path = "Kingfisher-dummy.m"; sourceTree = "<group>"; };
		12E577637AAACACE1009029513D83D5F /* Pods-ComicCards-dummy.m */ = {isa = PBXFileReference; includeInIndex = 1; lastKnownFileType = sourcecode.c.objc; path = "Pods-ComicCards-dummy.m"; sourceTree = "<group>"; };
		167024448D0126F8340763E54D4E2D9F /* Alamofire.swift */ = {isa = PBXFileReference; includeInIndex = 1; lastKnownFileType = sourcecode.swift; name = Alamofire.swift; path = Source/Alamofire.swift; sourceTree = "<group>"; };
		171C2C268868B705CFBCEC27962906B9 /* ImageProcessor.swift */ = {isa = PBXFileReference; includeInIndex = 1; lastKnownFileType = sourcecode.swift; name = ImageProcessor.swift; path = Sources/ImageProcessor.swift; sourceTree = "<group>"; };
		1D48265399546226847967F1C1E03844 /* Indicator.swift */ = {isa = PBXFileReference; includeInIndex = 1; lastKnownFileType = sourcecode.swift; name = Indicator.swift; path = Sources/Indicator.swift; sourceTree = "<group>"; };
		24BDD3856BC648E0E1141BE409B7896F /* KingfisherManager.swift */ = {isa = PBXFileReference; includeInIndex = 1; lastKnownFileType = sourcecode.swift; name = KingfisherManager.swift; path = Sources/KingfisherManager.swift; sourceTree = "<group>"; };
		2862D02F9840CC2D13F14479117AD6E3 /* Result.modulemap */ = {isa = PBXFileReference; includeInIndex = 1; lastKnownFileType = sourcecode.module; path = Result.modulemap; sourceTree = "<group>"; };
		2C2E981CD5D70966F14FB2F30F5369A3 /* CacheSerializer.swift */ = {isa = PBXFileReference; includeInIndex = 1; lastKnownFileType = sourcecode.swift; name = CacheSerializer.swift; path = Sources/CacheSerializer.swift; sourceTree = "<group>"; };
		2D410122A7DA5DBD379506CB4614CF55 /* Info.plist */ = {isa = PBXFileReference; includeInIndex = 1; lastKnownFileType = text.plist.xml; path = Info.plist; sourceTree = "<group>"; };
		2E316863AFAB4F71A61F1247110C89DE /* ResultProtocol.swift */ = {isa = PBXFileReference; includeInIndex = 1; lastKnownFileType = sourcecode.swift; name = ResultProtocol.swift; path = Result/ResultProtocol.swift; sourceTree = "<group>"; };
		2E7D483C4F35ABB05AA2E98083E8CAFB /* Timeline.swift */ = {isa = PBXFileReference; includeInIndex = 1; lastKnownFileType = sourcecode.swift; name = Timeline.swift; path = Source/Timeline.swift; sourceTree = "<group>"; };
		2EF257D536815FA7582EBD3AE790091C /* Kingfisher.modulemap */ = {isa = PBXFileReference; includeInIndex = 1; lastKnownFileType = sourcecode.module; path = Kingfisher.modulemap; sourceTree = "<group>"; };
		30CD483A7A691E9886897FDFE55FFBB3 /* Foundation.framework */ = {isa = PBXFileReference; lastKnownFileType = wrapper.framework; name = Foundation.framework; path = Platforms/iPhoneOS.platform/Developer/SDKs/iPhoneOS12.0.sdk/System/Library/Frameworks/Foundation.framework; sourceTree = DEVELOPER_DIR; };
		340A2CC88613CEABF2DC62674F0FA308 /* Pods-ComicCards.release.xcconfig */ = {isa = PBXFileReference; includeInIndex = 1; lastKnownFileType = text.xcconfig; path = "Pods-ComicCards.release.xcconfig"; sourceTree = "<group>"; };
		38CB7FBB8C48C26C9780FD76BA9B70E3 /* AFError.swift */ = {isa = PBXFileReference; includeInIndex = 1; lastKnownFileType = sourcecode.swift; name = AFError.swift; path = Source/AFError.swift; sourceTree = "<group>"; };
		3944ABB8AB2B5442033125983C873758 /* Request.swift */ = {isa = PBXFileReference; includeInIndex = 1; lastKnownFileType = sourcecode.swift; name = Request.swift; path = Source/Request.swift; sourceTree = "<group>"; };
		3A6839B73C2DB0A50048AF242B469D93 /* MoyaProvider+Internal.swift */ = {isa = PBXFileReference; includeInIndex = 1; lastKnownFileType = sourcecode.swift; name = "MoyaProvider+Internal.swift"; path = "Sources/Moya/MoyaProvider+Internal.swift"; sourceTree = "<group>"; };
		3C81B82EA075C43A388680C4CB9F67A9 /* DispatchQueue+Alamofire.swift */ = {isa = PBXFileReference; includeInIndex = 1; lastKnownFileType = sourcecode.swift; name = "DispatchQueue+Alamofire.swift"; path = "Source/DispatchQueue+Alamofire.swift"; sourceTree = "<group>"; };
		3D2F338D72BBECA122078D88CB7E7580 /* AnimatedImageView.swift */ = {isa = PBXFileReference; includeInIndex = 1; lastKnownFileType = sourcecode.swift; name = AnimatedImageView.swift; path = Sources/AnimatedImageView.swift; sourceTree = "<group>"; };
		3EB34130EC566DD7AC00B9358A14B999 /* Alamofire.modulemap */ = {isa = PBXFileReference; includeInIndex = 1; lastKnownFileType = sourcecode.module; path = Alamofire.modulemap; sourceTree = "<group>"; };
		3ED308034AB9A512B8D83C4821A632AC /* Kingfisher.h */ = {isa = PBXFileReference; includeInIndex = 1; lastKnownFileType = sourcecode.c.h; name = Kingfisher.h; path = Sources/Kingfisher.h; sourceTree = "<group>"; };
		3F7E18EED3E12416D1D3E1B7531B62A7 /* ImageTransition.swift */ = {isa = PBXFileReference; includeInIndex = 1; lastKnownFileType = sourcecode.swift; name = ImageTransition.swift; path = Sources/ImageTransition.swift; sourceTree = "<group>"; };
		404E8FE60619C5A08FD274FE24319B19 /* Result.swift */ = {isa = PBXFileReference; includeInIndex = 1; lastKnownFileType = sourcecode.swift; name = Result.swift; path = Source/Result.swift; sourceTree = "<group>"; };
		426A6C3CC32E8FA3EF755FBC0C87E261 /* CredentialsPlugin.swift */ = {isa = PBXFileReference; includeInIndex = 1; lastKnownFileType = sourcecode.swift; name = CredentialsPlugin.swift; path = Sources/Moya/Plugins/CredentialsPlugin.swift; sourceTree = "<group>"; };
		43501EB9404666914862FC375240A41B /* AnyEncodable.swift */ = {isa = PBXFileReference; includeInIndex = 1; lastKnownFileType = sourcecode.swift; name = AnyEncodable.swift; path = Sources/Moya/AnyEncodable.swift; sourceTree = "<group>"; };
		4B468FF8BFE13A6E154B071EF592647E /* ResponseSerialization.swift */ = {isa = PBXFileReference; includeInIndex = 1; lastKnownFileType = sourcecode.swift; name = ResponseSerialization.swift; path = Source/ResponseSerialization.swift; sourceTree = "<group>"; };
		4CB80025509AFC0728105953BF2CFECD /* Moya.xcconfig */ = {isa = PBXFileReference; includeInIndex = 1; lastKnownFileType = text.xcconfig; path = Moya.xcconfig; sourceTree = "<group>"; };
		555A36E12F8C12EFB3977DC6386E8729 /* RequestModifier.swift */ = {isa = PBXFileReference; includeInIndex = 1; lastKnownFileType = sourcecode.swift; name = RequestModifier.swift; path = Sources/RequestModifier.swift; sourceTree = "<group>"; };
		55DDCEEE44A759BC9B40D274A19FD7D9 /* Placeholder.swift */ = {isa = PBXFileReference; includeInIndex = 1; lastKnownFileType = sourcecode.swift; name = Placeholder.swift; path = Sources/Placeholder.swift; sourceTree = "<group>"; };
		5A2301BB3DE803D0A34B810F495ACF50 /* Alamofire.framework */ = {isa = PBXFileReference; explicitFileType = wrapper.framework; includeInIndex = 0; path = Alamofire.framework; sourceTree = BUILT_PRODUCTS_DIR; };
		5E3100DAB78C017311EC50AFFC1E6BAA /* TargetType.swift */ = {isa = PBXFileReference; includeInIndex = 1; lastKnownFileType = sourcecode.swift; name = TargetType.swift; path = Sources/Moya/TargetType.swift; sourceTree = "<group>"; };
		5E68E6ED7617AE6980A6513D2FD21D40 /* Alamofire.framework */ = {isa = PBXFileReference; explicitFileType = wrapper.framework; includeInIndex = 0; path = Alamofire.framework; sourceTree = BUILT_PRODUCTS_DIR; };
		5FD442C08DFB7E399451AFA4F7CDF03B /* ParameterEncoding.swift */ = {isa = PBXFileReference; includeInIndex = 1; lastKnownFileType = sourcecode.swift; name = ParameterEncoding.swift; path = Source/ParameterEncoding.swift; sourceTree = "<group>"; };
		600E4D41DD20B38159828ADE59BED305 /* Alamofire-dummy.m */ = {isa = PBXFileReference; includeInIndex = 1; lastKnownFileType = sourcecode.c.objc; path = "Alamofire-dummy.m"; sourceTree = "<group>"; };
		61F15FCC2D709045AB6775BA19AC3ADB /* SessionDelegate.swift */ = {isa = PBXFileReference; includeInIndex = 1; lastKnownFileType = sourcecode.swift; name = SessionDelegate.swift; path = Source/SessionDelegate.swift; sourceTree = "<group>"; };
		6698D890959936EAC518D8FB4403C95A /* Pods-ComicCards-acknowledgements.markdown */ = {isa = PBXFileReference; includeInIndex = 1; lastKnownFileType = text; path = "Pods-ComicCards-acknowledgements.markdown"; sourceTree = "<group>"; };
		715E369CA5D06773C3D252998452BB06 /* Filter.swift */ = {isa = PBXFileReference; includeInIndex = 1; lastKnownFileType = sourcecode.swift; name = Filter.swift; path = Sources/Filter.swift; sourceTree = "<group>"; };
		73264474368DC0C4EBD813855E57268D /* UIButton+Kingfisher.swift */ = {isa = PBXFileReference; includeInIndex = 1; lastKnownFileType = sourcecode.swift; name = "UIButton+Kingfisher.swift"; path = "Sources/UIButton+Kingfisher.swift"; sourceTree = "<group>"; };
		749CFF1F0135C7E707FD726BFC9BA7A8 /* ImageModifier.swift */ = {isa = PBXFileReference; includeInIndex = 1; lastKnownFileType = sourcecode.swift; name = ImageModifier.swift; path = Sources/ImageModifier.swift; sourceTree = "<group>"; };
		75A66F5438030E4D8DC0C703CF55CAAF /* Image.swift */ = {isa = PBXFileReference; includeInIndex = 1; lastKnownFileType = sourcecode.swift; name = Image.swift; path = Sources/Moya/Image.swift; sourceTree = "<group>"; };
		787F09F3EFA91C8E30316D5DF3665313 /* Result-umbrella.h */ = {isa = PBXFileReference; includeInIndex = 1; lastKnownFileType = sourcecode.c.h; path = "Result-umbrella.h"; sourceTree = "<group>"; };
		7AA9E4BDFE6E2C8E214B69A855F8FFE2 /* FormatIndicatedCacheSerializer.swift */ = {isa = PBXFileReference; includeInIndex = 1; lastKnownFileType = sourcecode.swift; name = FormatIndicatedCacheSerializer.swift; path = Sources/FormatIndicatedCacheSerializer.swift; sourceTree = "<group>"; };
		7AB9F6C8556BAD3FA0C8243675C5D59F /* Cancellable.swift */ = {isa = PBXFileReference; includeInIndex = 1; lastKnownFileType = sourcecode.swift; name = Cancellable.swift; path = Sources/Moya/Cancellable.swift; sourceTree = "<group>"; };
		7C3700ADA9506FB44C60DACE6832F2F1 /* Moya+Alamofire.swift */ = {isa = PBXFileReference; includeInIndex = 1; lastKnownFileType = sourcecode.swift; name = "Moya+Alamofire.swift"; path = "Sources/Moya/Moya+Alamofire.swift"; sourceTree = "<group>"; };
		8026F78FE8B3BBC49A9F822036ABC3E3 /* TaskDelegate.swift */ = {isa = PBXFileReference; includeInIndex = 1; lastKnownFileType = sourcecode.swift; name = TaskDelegate.swift; path = Source/TaskDelegate.swift; sourceTree = "<group>"; };
		8028FB1BE210FE0B75A279A55124BDC8 /* Kingfisher.xcconfig */ = {isa = PBXFileReference; includeInIndex = 1; lastKnownFileType = text.xcconfig; path = Kingfisher.xcconfig; sourceTree = "<group>"; };
		83BCE7A29347DB034B67B83293FD9F7D /* ImagePrefetcher.swift */ = {isa = PBXFileReference; includeInIndex = 1; lastKnownFileType = sourcecode.swift; name = ImagePrefetcher.swift; path = Sources/ImagePrefetcher.swift; sourceTree = "<group>"; };
		85F2906822B11CC87C13D68DC89A005A /* ImageDownloader.swift */ = {isa = PBXFileReference; includeInIndex = 1; lastKnownFileType = sourcecode.swift; name = ImageDownloader.swift; path = Sources/ImageDownloader.swift; sourceTree = "<group>"; };
		89354E2E58115BDDB062FAECD59C3E6B /* Pods-ComicCards-umbrella.h */ = {isa = PBXFileReference; includeInIndex = 1; lastKnownFileType = sourcecode.c.h; path = "Pods-ComicCards-umbrella.h"; sourceTree = "<group>"; };
		89C4442B362B5B9BA2A9DE4371624156 /* CFNetwork.framework */ = {isa = PBXFileReference; lastKnownFileType = wrapper.framework; name = CFNetwork.framework; path = Platforms/iPhoneOS.platform/Developer/SDKs/iPhoneOS12.0.sdk/System/Library/Frameworks/CFNetwork.framework; sourceTree = DEVELOPER_DIR; };
		91C737CC5CCD3C1E7622BA9AAB12185E /* Box.swift */ = {isa = PBXFileReference; includeInIndex = 1; lastKnownFileType = sourcecode.swift; name = Box.swift; path = Sources/Box.swift; sourceTree = "<group>"; };
		91D95B8051236846DE6901A30C5ACDCE /* Pods-ComicCards-resources.sh */ = {isa = PBXFileReference; includeInIndex = 1; lastKnownFileType = text.script.sh; path = "Pods-ComicCards-resources.sh"; sourceTree = "<group>"; };
		93A4A3777CF96A4AAC1D13BA6DCCEA73 /* Podfile */ = {isa = PBXFileReference; explicitFileType = text.script.ruby; includeInIndex = 1; name = Podfile; path = ../Podfile; sourceTree = SOURCE_ROOT; xcLanguageSpecificationIdentifier = xcode.lang.ruby; };
		93C57B5BE0AD6CAD2F3D04B756A3BAE6 /* Info.plist */ = {isa = PBXFileReference; includeInIndex = 1; lastKnownFileType = text.plist.xml; path = Info.plist; sourceTree = "<group>"; };
		93E5B74E78B4A5E259E1A0AF1C283AB4 /* Kingfisher.framework */ = {isa = PBXFileReference; explicitFileType = wrapper.framework; includeInIndex = 0; path = Kingfisher.framework; sourceTree = BUILT_PRODUCTS_DIR; };
		94D9231B6A1146A95F77A0C4CE5223F9 /* MultipartFormData.swift */ = {isa = PBXFileReference; includeInIndex = 1; lastKnownFileType = sourcecode.swift; name = MultipartFormData.swift; path = Source/MultipartFormData.swift; sourceTree = "<group>"; };
		97A0D00BF970D51B8024DB9909D0B26A /* NetworkLoggerPlugin.swift */ = {isa = PBXFileReference; includeInIndex = 1; lastKnownFileType = sourcecode.swift; name = NetworkLoggerPlugin.swift; path = Sources/Moya/Plugins/NetworkLoggerPlugin.swift; sourceTree = "<group>"; };
		97DC1D991927C97741D4E99862EDB7F5 /* MultiTarget.swift */ = {isa = PBXFileReference; includeInIndex = 1; lastKnownFileType = sourcecode.swift; name = MultiTarget.swift; path = Sources/Moya/MultiTarget.swift; sourceTree = "<group>"; };
		9A6E8F5343FBBEA0E00B631721FA1356 /* Notifications.swift */ = {isa = PBXFileReference; includeInIndex = 1; lastKnownFileType = sourcecode.swift; name = Notifications.swift; path = Source/Notifications.swift; sourceTree = "<group>"; };
		9A8FC6FDC5E26A3B90AD90E953074733 /* Pods-ComicCards.modulemap */ = {isa = PBXFileReference; includeInIndex = 1; lastKnownFileType = sourcecode.module; path = "Pods-ComicCards.modulemap"; sourceTree = "<group>"; };
		A0E8B49533E80A60BC439A381341769C /* Pods-ComicCards.debug.xcconfig */ = {isa = PBXFileReference; includeInIndex = 1; lastKnownFileType = text.xcconfig; path = "Pods-ComicCards.debug.xcconfig"; sourceTree = "<group>"; };
		A66BE77C591796BEE1AC3B9271F848E3 /* Result.framework */ = {isa = PBXFileReference; explicitFileType = wrapper.framework; includeInIndex = 0; path = Result.framework; sourceTree = BUILT_PRODUCTS_DIR; };
		ADEDF638C8D0E967BFB90A4E016C5403 /* AccessTokenPlugin.swift */ = {isa = PBXFileReference; includeInIndex = 1; lastKnownFileType = sourcecode.swift; name = AccessTokenPlugin.swift; path = Sources/Moya/Plugins/AccessTokenPlugin.swift; sourceTree = "<group>"; };
		AE265BF9D1875BDAABE7EDE7199B2A74 /* Kingfisher-umbrella.h */ = {isa = PBXFileReference; includeInIndex = 1; lastKnownFileType = sourcecode.c.h; path = "Kingfisher-umbrella.h"; sourceTree = "<group>"; };
		B1AF87A78373FEE87C672C7E9ECBED64 /* ImageView+Kingfisher.swift */ = {isa = PBXFileReference; includeInIndex = 1; lastKnownFileType = sourcecode.swift; name = "ImageView+Kingfisher.swift"; path = "Sources/ImageView+Kingfisher.swift"; sourceTree = "<group>"; };
		B851B2AEC4F841F7C45528E2BA5FA013 /* Result-prefix.pch */ = {isa = PBXFileReference; includeInIndex = 1; lastKnownFileType = sourcecode.c.h; path = "Result-prefix.pch"; sourceTree = "<group>"; };
		B8BEFBD96C9534CF3036AC6B8F5B883E /* MultipartFormData.swift */ = {isa = PBXFileReference; includeInIndex = 1; lastKnownFileType = sourcecode.swift; name = MultipartFormData.swift; path = Sources/Moya/MultipartFormData.swift; sourceTree = "<group>"; };
		BA0F0FCDA38D7A886DE9D74878120D70 /* Result.swift */ = {isa = PBXFileReference; includeInIndex = 1; lastKnownFileType = sourcecode.swift; name = Result.swift; path = Result/Result.swift; sourceTree = "<group>"; };
		BC2AA04C68B4783D7F36C0A2944EC34D /* MoyaProvider+Defaults.swift */ = {isa = PBXFileReference; includeInIndex = 1; lastKnownFileType = sourcecode.swift; name = "MoyaProvider+Defaults.swift"; path = "Sources/Moya/MoyaProvider+Defaults.swift"; sourceTree = "<group>"; };
		C0F488C9BCC2960E1557BF935C67BB38 /* Validation.swift */ = {isa = PBXFileReference; includeInIndex = 1; lastKnownFileType = sourcecode.swift; name = Validation.swift; path = Source/Validation.swift; sourceTree = "<group>"; };
		C49AA79668480F9BA9E149C7C49594CA /* URLRequest+Encoding.swift */ = {isa = PBXFileReference; includeInIndex = 1; lastKnownFileType = sourcecode.swift; name = "URLRequest+Encoding.swift"; path = "Sources/Moya/URLRequest+Encoding.swift"; sourceTree = "<group>"; };
		C87E2667ECA33AA884B8E1A1A6FF29AF /* Moya-prefix.pch */ = {isa = PBXFileReference; includeInIndex = 1; lastKnownFileType = sourcecode.c.h; path = "Moya-prefix.pch"; sourceTree = "<group>"; };
		CA1D5E78B06D155B6B528009E3F88A2A /* Moya-umbrella.h */ = {isa = PBXFileReference; includeInIndex = 1; lastKnownFileType = sourcecode.c.h; path = "Moya-umbrella.h"; sourceTree = "<group>"; };
		CB59798E787A9864A7B3E1843EEB3E83 /* Kingfisher.swift */ = {isa = PBXFileReference; includeInIndex = 1; lastKnownFileType = sourcecode.swift; name = Kingfisher.swift; path = Sources/Kingfisher.swift; sourceTree = "<group>"; };
		CC05A2DC488A2DEF94118C40891FEF7D /* Result.framework */ = {isa = PBXFileReference; explicitFileType = wrapper.framework; includeInIndex = 0; path = Result.framework; sourceTree = BUILT_PRODUCTS_DIR; };
		CCB7447EDABB1116FFC617F5257E181D /* URL+Moya.swift */ = {isa = PBXFileReference; includeInIndex = 1; lastKnownFileType = sourcecode.swift; name = "URL+Moya.swift"; path = "Sources/Moya/URL+Moya.swift"; sourceTree = "<group>"; };
		CDFD6E1FB7522D7A27B66AAAD7A05BAE /* Alamofire.xcconfig */ = {isa = PBXFileReference; includeInIndex = 1; lastKnownFileType = text.xcconfig; path = Alamofire.xcconfig; sourceTree = "<group>"; };
		CFC715000147E3C2327AF53B14AAE7DA /* ImageCache.swift */ = {isa = PBXFileReference; includeInIndex = 1; lastKnownFileType = sourcecode.swift; name = ImageCache.swift; path = Sources/ImageCache.swift; sourceTree = "<group>"; };
		D48A4F1715DC6ABB49E92E588E54308C /* Alamofire-prefix.pch */ = {isa = PBXFileReference; includeInIndex = 1; lastKnownFileType = sourcecode.c.h; path = "Alamofire-prefix.pch"; sourceTree = "<group>"; };
		D663CB4C14C3575A2E74AD7B8A7F6BE0 /* KingfisherOptionsInfo.swift */ = {isa = PBXFileReference; includeInIndex = 1; lastKnownFileType = sourcecode.swift; name = KingfisherOptionsInfo.swift; path = Sources/KingfisherOptionsInfo.swift; sourceTree = "<group>"; };
		D7EF11B42179399EDEC7B4C00C8CC396 /* Pods-ComicCards-acknowledgements.plist */ = {isa = PBXFileReference; includeInIndex = 1; lastKnownFileType = text.plist.xml; path = "Pods-ComicCards-acknowledgements.plist"; sourceTree = "<group>"; };
		DA0AA864FC2FA52FDD4F284C8D2EAA85 /* ValidationType.swift */ = {isa = PBXFileReference; includeInIndex = 1; lastKnownFileType = sourcecode.swift; name = ValidationType.swift; path = Sources/Moya/ValidationType.swift; sourceTree = "<group>"; };
		DB14736650F09EA4DE33C0E142608348 /* Pods_ComicCards.framework */ = {isa = PBXFileReference; explicitFileType = wrapper.framework; includeInIndex = 0; path = Pods_ComicCards.framework; sourceTree = BUILT_PRODUCTS_DIR; };
		DCAF92D606DDEA71783EDF2D1301DCD9 /* Task.swift */ = {isa = PBXFileReference; includeInIndex = 1; lastKnownFileType = sourcecode.swift; name = Task.swift; path = Sources/Moya/Task.swift; sourceTree = "<group>"; };
		E1CC044E8A636C45019DACAF0DF7A22A /* Moya-dummy.m */ = {isa = PBXFileReference; includeInIndex = 1; lastKnownFileType = sourcecode.c.objc; path = "Moya-dummy.m"; sourceTree = "<group>"; };
		E42C67B609F2540F5EEC4F1BF72DEC67 /* NetworkReachabilityManager.swift */ = {isa = PBXFileReference; includeInIndex = 1; lastKnownFileType = sourcecode.swift; name = NetworkReachabilityManager.swift; path = Source/NetworkReachabilityManager.swift; sourceTree = "<group>"; };
		E77C40122663D755902C24FE94C08182 /* Endpoint.swift */ = {isa = PBXFileReference; includeInIndex = 1; lastKnownFileType = sourcecode.swift; name = Endpoint.swift; path = Sources/Moya/Endpoint.swift; sourceTree = "<group>"; };
		EBFF970063CB2F5B91552483FCE07ED0 /* Response.swift */ = {isa = PBXFileReference; includeInIndex = 1; lastKnownFileType = sourcecode.swift; name = Response.swift; path = Source/Response.swift; sourceTree = "<group>"; };
		EC9640EF7D615CF225BBB911FD63692F /* Info.plist */ = {isa = PBXFileReference; includeInIndex = 1; lastKnownFileType = text.plist.xml; path = Info.plist; sourceTree = "<group>"; };
		EDE9EC7C32979ED5DCE7907000E64BE9 /* Kingfisher-prefix.pch */ = {isa = PBXFileReference; includeInIndex = 1; lastKnownFileType = sourcecode.c.h; path = "Kingfisher-prefix.pch"; sourceTree = "<group>"; };
		EE8C79F11A33EA3E0E6B4E8C40D79EF2 /* Plugin.swift */ = {isa = PBXFileReference; includeInIndex = 1; lastKnownFileType = sourcecode.swift; name = Plugin.swift; path = Sources/Moya/Plugin.swift; sourceTree = "<group>"; };
		F0926780BC1CF7EE1C0A68B3E9F62361 /* Info.plist */ = {isa = PBXFileReference; includeInIndex = 1; lastKnownFileType = text.plist.xml; path = Info.plist; sourceTree = "<group>"; };
		F1D668515F482BC85D445C371628F103 /* NetworkActivityPlugin.swift */ = {isa = PBXFileReference; includeInIndex = 1; lastKnownFileType = sourcecode.swift; name = NetworkActivityPlugin.swift; path = Sources/Moya/Plugins/NetworkActivityPlugin.swift; sourceTree = "<group>"; };
		F38B1EBC74508A18B93D64A74E3CC0F5 /* Result-dummy.m */ = {isa = PBXFileReference; includeInIndex = 1; lastKnownFileType = sourcecode.c.objc; path = "Result-dummy.m"; sourceTree = "<group>"; };
		F5BBD36D52278DD8A18DD0D7E123E720 /* Alamofire-umbrella.h */ = {isa = PBXFileReference; includeInIndex = 1; lastKnownFileType = sourcecode.c.h; path = "Alamofire-umbrella.h"; sourceTree = "<group>"; };
		F68174DE006652A71BD76FFDB7B47219 /* Pods-ComicCards-frameworks.sh */ = {isa = PBXFileReference; includeInIndex = 1; lastKnownFileType = text.script.sh; path = "Pods-ComicCards-frameworks.sh"; sourceTree = "<group>"; };
		F6E4BE8092F5FEFBBF00460A09005364 /* Resource.swift */ = {isa = PBXFileReference; includeInIndex = 1; lastKnownFileType = sourcecode.swift; name = Resource.swift; path = Sources/Resource.swift; sourceTree = "<group>"; };
		F9677698A7CF7043FCFCF05B71BFA684 /* Image.swift */ = {isa = PBXFileReference; includeInIndex = 1; lastKnownFileType = sourcecode.swift; name = Image.swift; path = Sources/Image.swift; sourceTree = "<group>"; };
		FA8858A431705FE8E7AAF32EF042ED88 /* String+MD5.swift */ = {isa = PBXFileReference; includeInIndex = 1; lastKnownFileType = sourcecode.swift; name = "String+MD5.swift"; path = "Sources/String+MD5.swift"; sourceTree = "<group>"; };
		FEA3F491FFC1A706F498EF999C75FC05 /* SessionManager.swift */ = {isa = PBXFileReference; includeInIndex = 1; lastKnownFileType = sourcecode.swift; name = SessionManager.swift; path = Source/SessionManager.swift; sourceTree = "<group>"; };
/* End PBXFileReference section */

/* Begin PBXFrameworksBuildPhase section */
		155C1CF063181255DBC69A2307C02CC1 /* Frameworks */ = {
			isa = PBXFrameworksBuildPhase;
			buildActionMask = 2147483647;
			files = (
				CFF1D43428BA33884EB8D41397B5E8BB /* Alamofire.framework in Frameworks */,
				6E36CC5B1A6AC93F45AEA67617C857CF /* Foundation.framework in Frameworks */,
				8C8C5F0F5B8D92E63FCE0EB5A32694C0 /* Result.framework in Frameworks */,
			);
			runOnlyForDeploymentPostprocessing = 0;
		};
		2793747B3E0AE61A75E5CB95178AAE1C /* Frameworks */ = {
			isa = PBXFrameworksBuildPhase;
			buildActionMask = 2147483647;
			files = (
				E3841AB76D312BC800481E48114E2062 /* Foundation.framework in Frameworks */,
			);
			runOnlyForDeploymentPostprocessing = 0;
		};
		55C36F7CC1AF497CD89C8420A717D06F /* Frameworks */ = {
			isa = PBXFrameworksBuildPhase;
			buildActionMask = 2147483647;
			files = (
				80C433B4D3695F2D158DBCE57E434900 /* CFNetwork.framework in Frameworks */,
				56BEC83974E0E941F93C3CF834B78BBA /* Foundation.framework in Frameworks */,
			);
			runOnlyForDeploymentPostprocessing = 0;
		};
		6E8AF668A2161F7D6F680F721DB65D2D /* Frameworks */ = {
			isa = PBXFrameworksBuildPhase;
			buildActionMask = 2147483647;
			files = (
				8D1E66FE754A575BFFD9E0A4AD2E5ACC /* Foundation.framework in Frameworks */,
			);
			runOnlyForDeploymentPostprocessing = 0;
		};
		E9030D593CE0C89A39C002C9FAB64907 /* Frameworks */ = {
			isa = PBXFrameworksBuildPhase;
			buildActionMask = 2147483647;
			files = (
				CD8E18CDF2ADF6C26CF26D5C452C369D /* Foundation.framework in Frameworks */,
			);
			runOnlyForDeploymentPostprocessing = 0;
		};
/* End PBXFrameworksBuildPhase section */

/* Begin PBXGroup section */
		0EF2A5E15D4173EA4393F05670090728 /* Targets Support Files */ = {
			isa = PBXGroup;
			children = (
				E04A38A0C960DC7241C2975AB91D3980 /* Pods-ComicCards */,
			);
			name = "Targets Support Files";
			sourceTree = "<group>";
		};
		126E9B091DACA5D4166F3615B83FDC48 /* Core */ = {
			isa = PBXGroup;
			children = (
				ADEDF638C8D0E967BFB90A4E016C5403 /* AccessTokenPlugin.swift */,
				43501EB9404666914862FC375240A41B /* AnyEncodable.swift */,
				7AB9F6C8556BAD3FA0C8243675C5D59F /* Cancellable.swift */,
				426A6C3CC32E8FA3EF755FBC0C87E261 /* CredentialsPlugin.swift */,
				E77C40122663D755902C24FE94C08182 /* Endpoint.swift */,
				75A66F5438030E4D8DC0C703CF55CAAF /* Image.swift */,
				7C3700ADA9506FB44C60DACE6832F2F1 /* Moya+Alamofire.swift */,
				0B4142D53C315E387D6C0F2441AF59DF /* MoyaError.swift */,
				041C7891AD6B04140423AA506469AA68 /* MoyaProvider.swift */,
				BC2AA04C68B4783D7F36C0A2944EC34D /* MoyaProvider+Defaults.swift */,
				3A6839B73C2DB0A50048AF242B469D93 /* MoyaProvider+Internal.swift */,
				B8BEFBD96C9534CF3036AC6B8F5B883E /* MultipartFormData.swift */,
				97DC1D991927C97741D4E99862EDB7F5 /* MultiTarget.swift */,
				F1D668515F482BC85D445C371628F103 /* NetworkActivityPlugin.swift */,
				97A0D00BF970D51B8024DB9909D0B26A /* NetworkLoggerPlugin.swift */,
				EE8C79F11A33EA3E0E6B4E8C40D79EF2 /* Plugin.swift */,
				08CA475985088B8AE053214AB3816B1B /* Response.swift */,
				5E3100DAB78C017311EC50AFFC1E6BAA /* TargetType.swift */,
				DCAF92D606DDEA71783EDF2D1301DCD9 /* Task.swift */,
				CCB7447EDABB1116FFC617F5257E181D /* URL+Moya.swift */,
				C49AA79668480F9BA9E149C7C49594CA /* URLRequest+Encoding.swift */,
				DA0AA864FC2FA52FDD4F284C8D2EAA85 /* ValidationType.swift */,
			);
			name = Core;
			sourceTree = "<group>";
		};
		40D23F47903C416202A980312F3949BA /* Kingfisher */ = {
			isa = PBXGroup;
			children = (
				3D2F338D72BBECA122078D88CB7E7580 /* AnimatedImageView.swift */,
				91C737CC5CCD3C1E7622BA9AAB12185E /* Box.swift */,
				2C2E981CD5D70966F14FB2F30F5369A3 /* CacheSerializer.swift */,
				715E369CA5D06773C3D252998452BB06 /* Filter.swift */,
				7AA9E4BDFE6E2C8E214B69A855F8FFE2 /* FormatIndicatedCacheSerializer.swift */,
				F9677698A7CF7043FCFCF05B71BFA684 /* Image.swift */,
				CFC715000147E3C2327AF53B14AAE7DA /* ImageCache.swift */,
				85F2906822B11CC87C13D68DC89A005A /* ImageDownloader.swift */,
				749CFF1F0135C7E707FD726BFC9BA7A8 /* ImageModifier.swift */,
				83BCE7A29347DB034B67B83293FD9F7D /* ImagePrefetcher.swift */,
				171C2C268868B705CFBCEC27962906B9 /* ImageProcessor.swift */,
				3F7E18EED3E12416D1D3E1B7531B62A7 /* ImageTransition.swift */,
				B1AF87A78373FEE87C672C7E9ECBED64 /* ImageView+Kingfisher.swift */,
				1D48265399546226847967F1C1E03844 /* Indicator.swift */,
				3ED308034AB9A512B8D83C4821A632AC /* Kingfisher.h */,
				CB59798E787A9864A7B3E1843EEB3E83 /* Kingfisher.swift */,
				24BDD3856BC648E0E1141BE409B7896F /* KingfisherManager.swift */,
				D663CB4C14C3575A2E74AD7B8A7F6BE0 /* KingfisherOptionsInfo.swift */,
				55DDCEEE44A759BC9B40D274A19FD7D9 /* Placeholder.swift */,
				555A36E12F8C12EFB3977DC6386E8729 /* RequestModifier.swift */,
				F6E4BE8092F5FEFBBF00460A09005364 /* Resource.swift */,
				FA8858A431705FE8E7AAF32EF042ED88 /* String+MD5.swift */,
				0DF338D89D637E0D40E2C4514572EC69 /* ThreadHelper.swift */,
				73264474368DC0C4EBD813855E57268D /* UIButton+Kingfisher.swift */,
				80967747B8F62A53ED6F3600B3486345 /* Support Files */,
			);
			path = Kingfisher;
			sourceTree = "<group>";
		};
		45491657C31E31D6C8A624FF16984DA7 /* Result */ = {
			isa = PBXGroup;
			children = (
				BA0F0FCDA38D7A886DE9D74878120D70 /* Result.swift */,
				2E316863AFAB4F71A61F1247110C89DE /* ResultProtocol.swift */,
				5846D394A8B2FBFF7C36A8FCAD4E525D /* Support Files */,
			);
			path = Result;
			sourceTree = "<group>";
		};
		46DD27894AECE55FA6A56F1AB50A104C /* Frameworks */ = {
			isa = PBXGroup;
			children = (
				5E68E6ED7617AE6980A6513D2FD21D40 /* Alamofire.framework */,
				CC05A2DC488A2DEF94118C40891FEF7D /* Result.framework */,
				90ECCF0B7A2867F2A74CB41E49086C1B /* iOS */,
			);
			name = Frameworks;
			sourceTree = "<group>";
		};
		5846D394A8B2FBFF7C36A8FCAD4E525D /* Support Files */ = {
			isa = PBXGroup;
			children = (
				00A205984F6DE1DBE4D329F63A516723 /* Info.plist */,
				2862D02F9840CC2D13F14479117AD6E3 /* Result.modulemap */,
				089612EAC8F87836A69CCF9FB15B6523 /* Result.xcconfig */,
				F38B1EBC74508A18B93D64A74E3CC0F5 /* Result-dummy.m */,
				B851B2AEC4F841F7C45528E2BA5FA013 /* Result-prefix.pch */,
				787F09F3EFA91C8E30316D5DF3665313 /* Result-umbrella.h */,
			);
			name = "Support Files";
			path = "../Target Support Files/Result";
			sourceTree = "<group>";
		};
		6FE6615F70A60211F1EC43AB4F8D1409 /* Pods */ = {
			isa = PBXGroup;
			children = (
				C66880EA03DF70DDEB995CDB020208A4 /* Alamofire */,
				40D23F47903C416202A980312F3949BA /* Kingfisher */,
				933EADDFDC466E06354D2F5454ACF35A /* Moya */,
				45491657C31E31D6C8A624FF16984DA7 /* Result */,
			);
			name = Pods;
			sourceTree = "<group>";
		};
		7DB346D0F39D3F0E887471402A8071AB = {
			isa = PBXGroup;
			children = (
				93A4A3777CF96A4AAC1D13BA6DCCEA73 /* Podfile */,
				46DD27894AECE55FA6A56F1AB50A104C /* Frameworks */,
				6FE6615F70A60211F1EC43AB4F8D1409 /* Pods */,
				EE5D7FB535F77159BDDBD720A1EE39AF /* Products */,
				0EF2A5E15D4173EA4393F05670090728 /* Targets Support Files */,
			);
			sourceTree = "<group>";
		};
		80967747B8F62A53ED6F3600B3486345 /* Support Files */ = {
			isa = PBXGroup;
			children = (
				2D410122A7DA5DBD379506CB4614CF55 /* Info.plist */,
				2EF257D536815FA7582EBD3AE790091C /* Kingfisher.modulemap */,
				8028FB1BE210FE0B75A279A55124BDC8 /* Kingfisher.xcconfig */,
				0EF28CB5A96CB76B4D098C29532DDCE1 /* Kingfisher-dummy.m */,
				EDE9EC7C32979ED5DCE7907000E64BE9 /* Kingfisher-prefix.pch */,
				AE265BF9D1875BDAABE7EDE7199B2A74 /* Kingfisher-umbrella.h */,
			);
			name = "Support Files";
			path = "../Target Support Files/Kingfisher";
			sourceTree = "<group>";
		};
		90ECCF0B7A2867F2A74CB41E49086C1B /* iOS */ = {
			isa = PBXGroup;
			children = (
				89C4442B362B5B9BA2A9DE4371624156 /* CFNetwork.framework */,
				30CD483A7A691E9886897FDFE55FFBB3 /* Foundation.framework */,
			);
			name = iOS;
			sourceTree = "<group>";
		};
		933EADDFDC466E06354D2F5454ACF35A /* Moya */ = {
			isa = PBXGroup;
			children = (
				126E9B091DACA5D4166F3615B83FDC48 /* Core */,
				DCEC388374F9433C762D034637E0B6F0 /* Support Files */,
			);
			path = Moya;
			sourceTree = "<group>";
		};
		C66880EA03DF70DDEB995CDB020208A4 /* Alamofire */ = {
			isa = PBXGroup;
			children = (
				38CB7FBB8C48C26C9780FD76BA9B70E3 /* AFError.swift */,
				167024448D0126F8340763E54D4E2D9F /* Alamofire.swift */,
				3C81B82EA075C43A388680C4CB9F67A9 /* DispatchQueue+Alamofire.swift */,
				94D9231B6A1146A95F77A0C4CE5223F9 /* MultipartFormData.swift */,
				E42C67B609F2540F5EEC4F1BF72DEC67 /* NetworkReachabilityManager.swift */,
				9A6E8F5343FBBEA0E00B631721FA1356 /* Notifications.swift */,
				5FD442C08DFB7E399451AFA4F7CDF03B /* ParameterEncoding.swift */,
				3944ABB8AB2B5442033125983C873758 /* Request.swift */,
				EBFF970063CB2F5B91552483FCE07ED0 /* Response.swift */,
				4B468FF8BFE13A6E154B071EF592647E /* ResponseSerialization.swift */,
				404E8FE60619C5A08FD274FE24319B19 /* Result.swift */,
				097BB7CB3FDDDA0EEEC236F7D353B024 /* ServerTrustPolicy.swift */,
				61F15FCC2D709045AB6775BA19AC3ADB /* SessionDelegate.swift */,
				FEA3F491FFC1A706F498EF999C75FC05 /* SessionManager.swift */,
				8026F78FE8B3BBC49A9F822036ABC3E3 /* TaskDelegate.swift */,
				2E7D483C4F35ABB05AA2E98083E8CAFB /* Timeline.swift */,
				C0F488C9BCC2960E1557BF935C67BB38 /* Validation.swift */,
				E517855346BBA1CF5C905FA735A49D80 /* Support Files */,
			);
			path = Alamofire;
			sourceTree = "<group>";
		};
		DCEC388374F9433C762D034637E0B6F0 /* Support Files */ = {
			isa = PBXGroup;
			children = (
				EC9640EF7D615CF225BBB911FD63692F /* Info.plist */,
				0C34EF1D75CAAE1DD54FBE90FCC0CE13 /* Moya.modulemap */,
				4CB80025509AFC0728105953BF2CFECD /* Moya.xcconfig */,
				E1CC044E8A636C45019DACAF0DF7A22A /* Moya-dummy.m */,
				C87E2667ECA33AA884B8E1A1A6FF29AF /* Moya-prefix.pch */,
				CA1D5E78B06D155B6B528009E3F88A2A /* Moya-umbrella.h */,
			);
			name = "Support Files";
			path = "../Target Support Files/Moya";
			sourceTree = "<group>";
		};
		E04A38A0C960DC7241C2975AB91D3980 /* Pods-ComicCards */ = {
			isa = PBXGroup;
			children = (
				F0926780BC1CF7EE1C0A68B3E9F62361 /* Info.plist */,
				9A8FC6FDC5E26A3B90AD90E953074733 /* Pods-ComicCards.modulemap */,
				6698D890959936EAC518D8FB4403C95A /* Pods-ComicCards-acknowledgements.markdown */,
				D7EF11B42179399EDEC7B4C00C8CC396 /* Pods-ComicCards-acknowledgements.plist */,
				12E577637AAACACE1009029513D83D5F /* Pods-ComicCards-dummy.m */,
				F68174DE006652A71BD76FFDB7B47219 /* Pods-ComicCards-frameworks.sh */,
				91D95B8051236846DE6901A30C5ACDCE /* Pods-ComicCards-resources.sh */,
				89354E2E58115BDDB062FAECD59C3E6B /* Pods-ComicCards-umbrella.h */,
				A0E8B49533E80A60BC439A381341769C /* Pods-ComicCards.debug.xcconfig */,
				340A2CC88613CEABF2DC62674F0FA308 /* Pods-ComicCards.release.xcconfig */,
			);
			name = "Pods-ComicCards";
			path = "Target Support Files/Pods-ComicCards";
			sourceTree = "<group>";
		};
		E517855346BBA1CF5C905FA735A49D80 /* Support Files */ = {
			isa = PBXGroup;
			children = (
				3EB34130EC566DD7AC00B9358A14B999 /* Alamofire.modulemap */,
				CDFD6E1FB7522D7A27B66AAAD7A05BAE /* Alamofire.xcconfig */,
				600E4D41DD20B38159828ADE59BED305 /* Alamofire-dummy.m */,
				D48A4F1715DC6ABB49E92E588E54308C /* Alamofire-prefix.pch */,
				F5BBD36D52278DD8A18DD0D7E123E720 /* Alamofire-umbrella.h */,
				93C57B5BE0AD6CAD2F3D04B756A3BAE6 /* Info.plist */,
			);
			name = "Support Files";
			path = "../Target Support Files/Alamofire";
			sourceTree = "<group>";
		};
		EE5D7FB535F77159BDDBD720A1EE39AF /* Products */ = {
			isa = PBXGroup;
			children = (
				5A2301BB3DE803D0A34B810F495ACF50 /* Alamofire.framework */,
				93E5B74E78B4A5E259E1A0AF1C283AB4 /* Kingfisher.framework */,
				021A163518D6E99A586E6AEDB9A97D79 /* Moya.framework */,
				DB14736650F09EA4DE33C0E142608348 /* Pods_ComicCards.framework */,
				A66BE77C591796BEE1AC3B9271F848E3 /* Result.framework */,
			);
			name = Products;
			sourceTree = "<group>";
		};
/* End PBXGroup section */

/* Begin PBXHeadersBuildPhase section */
		0DF1E9FCFEDB6BD7580A91F8A1D83B20 /* Headers */ = {
			isa = PBXHeadersBuildPhase;
			buildActionMask = 2147483647;
			files = (
				6F6CAB023B158752BEF707892392862E /* Pods-ComicCards-umbrella.h in Headers */,
			);
			runOnlyForDeploymentPostprocessing = 0;
		};
		13B9A6E12A011AFD0EDC813D90B65F0B /* Headers */ = {
			isa = PBXHeadersBuildPhase;
			buildActionMask = 2147483647;
			files = (
				284415F3643DD8966B8CB820804488D8 /* Result-umbrella.h in Headers */,
			);
			runOnlyForDeploymentPostprocessing = 0;
		};
		A4416D8D7BAB1B44603B29053B8C30A1 /* Headers */ = {
			isa = PBXHeadersBuildPhase;
			buildActionMask = 2147483647;
			files = (
				AE633B3532903E2EF04B5D7BA480C3C7 /* Kingfisher-umbrella.h in Headers */,
				74991D9F2A55044D75545D00A70C8CA9 /* Kingfisher.h in Headers */,
			);
			runOnlyForDeploymentPostprocessing = 0;
		};
		A6A607506FEAAC7C41268D3E5CF4E5FE /* Headers */ = {
			isa = PBXHeadersBuildPhase;
			buildActionMask = 2147483647;
			files = (
				EF1461221681BCA12A4147900A704727 /* Alamofire-umbrella.h in Headers */,
			);
			runOnlyForDeploymentPostprocessing = 0;
		};
		B79B97EDB8826ECE7E756173D20418C3 /* Headers */ = {
			isa = PBXHeadersBuildPhase;
			buildActionMask = 2147483647;
			files = (
				67652E65582E943E422E85131B71394F /* Moya-umbrella.h in Headers */,
			);
			runOnlyForDeploymentPostprocessing = 0;
		};
/* End PBXHeadersBuildPhase section */

/* Begin PBXNativeTarget section */
		0C9E5F03A1F20772B535076AC15D8FC2 /* Result */ = {
			isa = PBXNativeTarget;
			buildConfigurationList = 605DE461E02E47EDEB7D484FA97A3984 /* Build configuration list for PBXNativeTarget "Result" */;
			buildPhases = (
				13B9A6E12A011AFD0EDC813D90B65F0B /* Headers */,
				3DCA99A9457DD805EC4ED9354F093E8D /* Sources */,
				2793747B3E0AE61A75E5CB95178AAE1C /* Frameworks */,
				9DEF309D413440A988B82E355C17F75A /* Resources */,
			);
			buildRules = (
			);
			dependencies = (
			);
			name = Result;
			productName = Result;
			productReference = A66BE77C591796BEE1AC3B9271F848E3 /* Result.framework */;
			productType = "com.apple.product-type.framework";
		};
		2D67C865D9C5DAF906DB1551B824EC4B /* Moya */ = {
			isa = PBXNativeTarget;
			buildConfigurationList = 9E9D2F5261EAA65244BD9F776088EA14 /* Build configuration list for PBXNativeTarget "Moya" */;
			buildPhases = (
				B79B97EDB8826ECE7E756173D20418C3 /* Headers */,
				B0CAF6B64CC83659C50F9FF04E6099AB /* Sources */,
				155C1CF063181255DBC69A2307C02CC1 /* Frameworks */,
				109FB5784BB0B99C4CDEA57A100D3A18 /* Resources */,
			);
			buildRules = (
			);
			dependencies = (
				EDBE2B999A6BF226335585899A9D00ED /* PBXTargetDependency */,
				2E5ED8E8A9DEBA4D11DFE344B7B65CBD /* PBXTargetDependency */,
			);
			name = Moya;
			productName = Moya;
			productReference = 021A163518D6E99A586E6AEDB9A97D79 /* Moya.framework */;
			productType = "com.apple.product-type.framework";
		};
		499AFDCB6FE50B60BD63FFC5669A7835 /* Pods-ComicCards */ = {
			isa = PBXNativeTarget;
			buildConfigurationList = 47F5467C3436D69CEF57024EDBB89D5C /* Build configuration list for PBXNativeTarget "Pods-ComicCards" */;
			buildPhases = (
				0DF1E9FCFEDB6BD7580A91F8A1D83B20 /* Headers */,
				281F6D9036BF515FFE1CE2197BFF0C5F /* Sources */,
				E9030D593CE0C89A39C002C9FAB64907 /* Frameworks */,
				7BDCB1F840951D17A870025243329E3B /* Resources */,
			);
			buildRules = (
			);
			dependencies = (
				08909D231A83BFF624184BB951757946 /* PBXTargetDependency */,
				67E0319F7F7F0D4257F97E8680233BD9 /* PBXTargetDependency */,
				4539A4463425FA14CA78D9528AC5AEDE /* PBXTargetDependency */,
				62BBE01CA68FF77107AEFB937BD435F4 /* PBXTargetDependency */,
			);
			name = "Pods-ComicCards";
			productName = "Pods-ComicCards";
			productReference = DB14736650F09EA4DE33C0E142608348 /* Pods_ComicCards.framework */;
			productType = "com.apple.product-type.framework";
		};
		A15CD3220CB655EF65975142EDBD8C6E /* Kingfisher */ = {
			isa = PBXNativeTarget;
			buildConfigurationList = 055CB86039F87F17BFAACCE5B1899A4E /* Build configuration list for PBXNativeTarget "Kingfisher" */;
			buildPhases = (
				A4416D8D7BAB1B44603B29053B8C30A1 /* Headers */,
				30BEBFCC187688EFD7B2A56071DDCB23 /* Sources */,
				55C36F7CC1AF497CD89C8420A717D06F /* Frameworks */,
				907E8FAD109F4265A17FD9B5C5BCDD9D /* Resources */,
			);
			buildRules = (
			);
			dependencies = (
			);
			name = Kingfisher;
			productName = Kingfisher;
			productReference = 93E5B74E78B4A5E259E1A0AF1C283AB4 /* Kingfisher.framework */;
			productType = "com.apple.product-type.framework";
		};
		E76458C58C9140B6A16D60547E68E80C /* Alamofire */ = {
			isa = PBXNativeTarget;
			buildConfigurationList = 427F0F003A1AD80AE00155AFCDEFAC20 /* Build configuration list for PBXNativeTarget "Alamofire" */;
			buildPhases = (
				A6A607506FEAAC7C41268D3E5CF4E5FE /* Headers */,
				86CCC4A4A8864DB1BD696381A2D523B0 /* Sources */,
				6E8AF668A2161F7D6F680F721DB65D2D /* Frameworks */,
				3DDB7E21141D7764AE4658D5B6AFF8C6 /* Resources */,
			);
			buildRules = (
			);
			dependencies = (
			);
			name = Alamofire;
			productName = Alamofire;
			productReference = 5A2301BB3DE803D0A34B810F495ACF50 /* Alamofire.framework */;
			productType = "com.apple.product-type.framework";
		};
/* End PBXNativeTarget section */

/* Begin PBXProject section */
		D41D8CD98F00B204E9800998ECF8427E /* Project object */ = {
			isa = PBXProject;
			attributes = {
				LastSwiftUpdateCheck = 0930;
				LastUpgradeCheck = 0930;
				TargetAttributes = {
					0C9E5F03A1F20772B535076AC15D8FC2 = {
						LastSwiftMigration = 1020;
					};
					2D67C865D9C5DAF906DB1551B824EC4B = {
						LastSwiftMigration = 1020;
					};
					A15CD3220CB655EF65975142EDBD8C6E = {
						LastSwiftMigration = 1020;
					};
					E76458C58C9140B6A16D60547E68E80C = {
						LastSwiftMigration = 1020;
					};
				};
			};
			buildConfigurationList = 2D8E8EC45A3A1A1D94AE762CB5028504 /* Build configuration list for PBXProject "Pods" */;
			compatibilityVersion = "Xcode 3.2";
			developmentRegion = English;
			hasScannedForEncodings = 0;
			knownRegions = (
				English,
				en,
			);
			mainGroup = 7DB346D0F39D3F0E887471402A8071AB;
			productRefGroup = EE5D7FB535F77159BDDBD720A1EE39AF /* Products */;
			projectDirPath = "";
			projectRoot = "";
			targets = (
				E76458C58C9140B6A16D60547E68E80C /* Alamofire */,
				A15CD3220CB655EF65975142EDBD8C6E /* Kingfisher */,
				2D67C865D9C5DAF906DB1551B824EC4B /* Moya */,
				499AFDCB6FE50B60BD63FFC5669A7835 /* Pods-ComicCards */,
				0C9E5F03A1F20772B535076AC15D8FC2 /* Result */,
			);
		};
/* End PBXProject section */

/* Begin PBXResourcesBuildPhase section */
		109FB5784BB0B99C4CDEA57A100D3A18 /* Resources */ = {
			isa = PBXResourcesBuildPhase;
			buildActionMask = 2147483647;
			files = (
			);
			runOnlyForDeploymentPostprocessing = 0;
		};
		3DDB7E21141D7764AE4658D5B6AFF8C6 /* Resources */ = {
			isa = PBXResourcesBuildPhase;
			buildActionMask = 2147483647;
			files = (
			);
			runOnlyForDeploymentPostprocessing = 0;
		};
		7BDCB1F840951D17A870025243329E3B /* Resources */ = {
			isa = PBXResourcesBuildPhase;
			buildActionMask = 2147483647;
			files = (
			);
			runOnlyForDeploymentPostprocessing = 0;
		};
		907E8FAD109F4265A17FD9B5C5BCDD9D /* Resources */ = {
			isa = PBXResourcesBuildPhase;
			buildActionMask = 2147483647;
			files = (
			);
			runOnlyForDeploymentPostprocessing = 0;
		};
		9DEF309D413440A988B82E355C17F75A /* Resources */ = {
			isa = PBXResourcesBuildPhase;
			buildActionMask = 2147483647;
			files = (
			);
			runOnlyForDeploymentPostprocessing = 0;
		};
/* End PBXResourcesBuildPhase section */

/* Begin PBXSourcesBuildPhase section */
		281F6D9036BF515FFE1CE2197BFF0C5F /* Sources */ = {
			isa = PBXSourcesBuildPhase;
			buildActionMask = 2147483647;
			files = (
				8CA62D539921DA324E2ED095EEC6D23C /* Pods-ComicCards-dummy.m in Sources */,
			);
			runOnlyForDeploymentPostprocessing = 0;
		};
		30BEBFCC187688EFD7B2A56071DDCB23 /* Sources */ = {
			isa = PBXSourcesBuildPhase;
			buildActionMask = 2147483647;
			files = (
				91C9626612DF72AF4A43458C17BE0AEF /* AnimatedImageView.swift in Sources */,
				A892B962DDE059762CFBDA324851C0D5 /* Box.swift in Sources */,
				2B811FF11559883F26C5BDDB9CDB75EC /* CacheSerializer.swift in Sources */,
				CB90D04111E60F6A27690AD683D677EF /* Filter.swift in Sources */,
				2FD4EF4E06CA27960FCFBEA219E8AEFE /* FormatIndicatedCacheSerializer.swift in Sources */,
				219F60BC64D51E7D35F3B337D78E5917 /* Image.swift in Sources */,
				E38AAFE0AEDDB51C2B285B1BDA2E802B /* ImageCache.swift in Sources */,
				A3937C46B3B0486D0364A45333A08897 /* ImageDownloader.swift in Sources */,
				E98C72300FA785DD3D8700F64A29FE5D /* ImageModifier.swift in Sources */,
				6B54942EF1506DF8123024D5A4A36B0A /* ImagePrefetcher.swift in Sources */,
				380AB507E894C48B1BFD8D6F7434A5EB /* ImageProcessor.swift in Sources */,
				7F1D266D4038E7EDFBF64C26BD2635D4 /* ImageTransition.swift in Sources */,
				F61BA6C4339960F1262E129A8BEE3BB0 /* ImageView+Kingfisher.swift in Sources */,
				CB8E5D3812E15EF16405D6A87DBB43E7 /* Indicator.swift in Sources */,
				8BE9273D76C0CD89C417B9974F90BEA8 /* Kingfisher-dummy.m in Sources */,
				7398A44F3821586A91E52E1877AF76B3 /* Kingfisher.swift in Sources */,
				4D14A33BDE409578F35C40F95F749579 /* KingfisherManager.swift in Sources */,
				38BB06D142F81D96189A306B6129B524 /* KingfisherOptionsInfo.swift in Sources */,
				0C44C0A1EF86841BF35EF85D154166EF /* Placeholder.swift in Sources */,
				42841C337F34F023C4FF6FFAB0E8C530 /* RequestModifier.swift in Sources */,
				9299BB47C6CECF8E3457951BC98440AE /* Resource.swift in Sources */,
				97772250096FB8028A79A47DDB59F3B6 /* String+MD5.swift in Sources */,
				3CDAB53959CB40CBD7E8B819BAD8C8E2 /* ThreadHelper.swift in Sources */,
				D22DFBEE40C74E06DA1A85F132BB0A60 /* UIButton+Kingfisher.swift in Sources */,
			);
			runOnlyForDeploymentPostprocessing = 0;
		};
		3DCA99A9457DD805EC4ED9354F093E8D /* Sources */ = {
			isa = PBXSourcesBuildPhase;
			buildActionMask = 2147483647;
			files = (
				900DF4818E3D10AD8E98F776564476E8 /* Result-dummy.m in Sources */,
				2D9125D324C64F8BFA0CFEEE1D465755 /* Result.swift in Sources */,
				9AB5C8D65E18F6CB0F1AA5D94082F711 /* ResultProtocol.swift in Sources */,
			);
			runOnlyForDeploymentPostprocessing = 0;
		};
		86CCC4A4A8864DB1BD696381A2D523B0 /* Sources */ = {
			isa = PBXSourcesBuildPhase;
			buildActionMask = 2147483647;
			files = (
				7DDEEA91D0D552EA97C246C730D78824 /* AFError.swift in Sources */,
				71C8993DD60E299326A97D5329C3CD71 /* Alamofire-dummy.m in Sources */,
				6E234A862ED158238D3CB582143270EF /* Alamofire.swift in Sources */,
				39E46DB3A3EA5EB4427CC89A9FBE6127 /* DispatchQueue+Alamofire.swift in Sources */,
				40E83A2C4472A974BA66E787E66ACB40 /* MultipartFormData.swift in Sources */,
				FD9ACD2FBE5243A91558B907BC425CF1 /* NetworkReachabilityManager.swift in Sources */,
				E168E51972842469FAAD625F11D9D781 /* Notifications.swift in Sources */,
				0BF96C90FD9427084AEEE5A80777D315 /* ParameterEncoding.swift in Sources */,
				7EC61770466C1FF57B5A2C82046284B7 /* Request.swift in Sources */,
				72EDF21BFA7D0C52E40EAB4354F8AF44 /* Response.swift in Sources */,
				D04270C0C61007A8BB065F92A680D6DE /* ResponseSerialization.swift in Sources */,
				CAFDEC2BE2BD6C00E8E71FED4BBFF080 /* Result.swift in Sources */,
				4D4A61EC172DB39FCF11C0829DF6913C /* ServerTrustPolicy.swift in Sources */,
				5FAE6243000CCAF381D57109484B1396 /* SessionDelegate.swift in Sources */,
				DA3B50AF86C7F0AB8AA95BC126F0D070 /* SessionManager.swift in Sources */,
				31E097613F217BBF4E774D235917E165 /* TaskDelegate.swift in Sources */,
				66777B3D392D4AF8CBAE17A9C5D13C2F /* Timeline.swift in Sources */,
				918D55F16814247D5D0D74FC75B48FBE /* Validation.swift in Sources */,
			);
			runOnlyForDeploymentPostprocessing = 0;
		};
		B0CAF6B64CC83659C50F9FF04E6099AB /* Sources */ = {
			isa = PBXSourcesBuildPhase;
			buildActionMask = 2147483647;
			files = (
				2D4D74ED8EA06B023535A24CA7907DE0 /* AccessTokenPlugin.swift in Sources */,
				8CD0AA362DE3F9F569C0E6C939DE52BA /* AnyEncodable.swift in Sources */,
				03A8D96074701993A761D4DA74DDA1FE /* Cancellable.swift in Sources */,
				502A74E1F6ED420CCF63085D60523F2A /* CredentialsPlugin.swift in Sources */,
				BBE6F4BBC4BA197436274C9A80B2CAA7 /* Endpoint.swift in Sources */,
				4883662E48BF75252A740FE4516238FC /* Image.swift in Sources */,
				7D5A0439F004CFDE2809965C02BD8755 /* Moya+Alamofire.swift in Sources */,
				780DEEE690B120A68045A6EDB5B54280 /* Moya-dummy.m in Sources */,
				684109ACA28A049CC35C02974B4DC2F3 /* MoyaError.swift in Sources */,
				BA80B2F1E810649F44EC3A6920F8A353 /* MoyaProvider+Defaults.swift in Sources */,
				848D16C122A10C459015C280754C15F2 /* MoyaProvider+Internal.swift in Sources */,
				101D68CCCA06C7B3FE851D9E825113FB /* MoyaProvider.swift in Sources */,
				787E5BEFCCF6267C47E557B1E0F6C4D4 /* MultipartFormData.swift in Sources */,
				F2F1021FC04A4ED41610AB086BB61241 /* MultiTarget.swift in Sources */,
				C55DEC0F78D7391EE98932641370CA64 /* NetworkActivityPlugin.swift in Sources */,
				43DBD9A5298BDA6BE6B61EA25D7933A4 /* NetworkLoggerPlugin.swift in Sources */,
				6B49901B11C14A422EAEC2493C460BC2 /* Plugin.swift in Sources */,
				7EC081DD8278C6EAE47536D90FD27B10 /* Response.swift in Sources */,
				F10D2A63C7A1A6E8A604E12888578E44 /* TargetType.swift in Sources */,
				916E20246E05CF2D885A3349938953A0 /* Task.swift in Sources */,
				4D9399104A16D942E34DF306BE2D3DA1 /* URL+Moya.swift in Sources */,
				AA99EAA2DBDA3E9E813EE2A20117D1DB /* URLRequest+Encoding.swift in Sources */,
				29DEE3FBDDD5B51FBFF1FC6F811F98EA /* ValidationType.swift in Sources */,
			);
			runOnlyForDeploymentPostprocessing = 0;
		};
/* End PBXSourcesBuildPhase section */

/* Begin PBXTargetDependency section */
		08909D231A83BFF624184BB951757946 /* PBXTargetDependency */ = {
			isa = PBXTargetDependency;
			name = Alamofire;
			target = E76458C58C9140B6A16D60547E68E80C /* Alamofire */;
			targetProxy = 0245856A9C51402959E3F3AB503806A6 /* PBXContainerItemProxy */;
		};
		2E5ED8E8A9DEBA4D11DFE344B7B65CBD /* PBXTargetDependency */ = {
			isa = PBXTargetDependency;
			name = Result;
			target = 0C9E5F03A1F20772B535076AC15D8FC2 /* Result */;
			targetProxy = E0A38B95CCC4B4D1B4D24A9EF0A2F637 /* PBXContainerItemProxy */;
		};
		4539A4463425FA14CA78D9528AC5AEDE /* PBXTargetDependency */ = {
			isa = PBXTargetDependency;
			name = Moya;
			target = 2D67C865D9C5DAF906DB1551B824EC4B /* Moya */;
			targetProxy = 3AC8DEE84BF2D0288193C831844FCB45 /* PBXContainerItemProxy */;
		};
		62BBE01CA68FF77107AEFB937BD435F4 /* PBXTargetDependency */ = {
			isa = PBXTargetDependency;
			name = Result;
			target = 0C9E5F03A1F20772B535076AC15D8FC2 /* Result */;
			targetProxy = CE6C2816B82005D7718BDBF2339271B6 /* PBXContainerItemProxy */;
		};
		67E0319F7F7F0D4257F97E8680233BD9 /* PBXTargetDependency */ = {
			isa = PBXTargetDependency;
			name = Kingfisher;
			target = A15CD3220CB655EF65975142EDBD8C6E /* Kingfisher */;
			targetProxy = 2CB96627B86ECFA5A308AA92CCBBDBE8 /* PBXContainerItemProxy */;
		};
		EDBE2B999A6BF226335585899A9D00ED /* PBXTargetDependency */ = {
			isa = PBXTargetDependency;
			name = Alamofire;
			target = E76458C58C9140B6A16D60547E68E80C /* Alamofire */;
			targetProxy = 66954A879930CFD8A7F9856716F2C238 /* PBXContainerItemProxy */;
		};
/* End PBXTargetDependency section */

/* Begin XCBuildConfiguration section */
		184CC87603705AFB563448B6A61F8A47 /* Debug */ = {
			isa = XCBuildConfiguration;
			baseConfigurationReference = 4CB80025509AFC0728105953BF2CFECD /* Moya.xcconfig */;
			buildSettings = {
				CODE_SIGN_IDENTITY = "";
				"CODE_SIGN_IDENTITY[sdk=appletvos*]" = "";
				"CODE_SIGN_IDENTITY[sdk=iphoneos*]" = "";
				"CODE_SIGN_IDENTITY[sdk=watchos*]" = "";
				CURRENT_PROJECT_VERSION = 1;
				DEFINES_MODULE = YES;
				DYLIB_COMPATIBILITY_VERSION = 1;
				DYLIB_CURRENT_VERSION = 1;
				DYLIB_INSTALL_NAME_BASE = "@rpath";
				GCC_PREFIX_HEADER = "Target Support Files/Moya/Moya-prefix.pch";
				INFOPLIST_FILE = "Target Support Files/Moya/Info.plist";
				INSTALL_PATH = "$(LOCAL_LIBRARY_DIR)/Frameworks";
				IPHONEOS_DEPLOYMENT_TARGET = 8.0;
				LD_RUNPATH_SEARCH_PATHS = "$(inherited) @executable_path/Frameworks @loader_path/Frameworks";
				MODULEMAP_FILE = "Target Support Files/Moya/Moya.modulemap";
				PRODUCT_MODULE_NAME = Moya;
				PRODUCT_NAME = Moya;
				SDKROOT = iphoneos;
				SKIP_INSTALL = YES;
				SWIFT_ACTIVE_COMPILATION_CONDITIONS = "$(inherited) ";
				SWIFT_VERSION = 5.0;
				TARGETED_DEVICE_FAMILY = "1,2";
				VERSIONING_SYSTEM = "apple-generic";
				VERSION_INFO_PREFIX = "";
			};
			name = Debug;
		};
		1EAFDB7DE59A16060DF36FC40DC2E750 /* Release */ = {
			isa = XCBuildConfiguration;
			baseConfigurationReference = CDFD6E1FB7522D7A27B66AAAD7A05BAE /* Alamofire.xcconfig */;
			buildSettings = {
				CODE_SIGN_IDENTITY = "";
				"CODE_SIGN_IDENTITY[sdk=appletvos*]" = "";
				"CODE_SIGN_IDENTITY[sdk=iphoneos*]" = "";
				"CODE_SIGN_IDENTITY[sdk=watchos*]" = "";
				CURRENT_PROJECT_VERSION = 1;
				DEFINES_MODULE = YES;
				DYLIB_COMPATIBILITY_VERSION = 1;
				DYLIB_CURRENT_VERSION = 1;
				DYLIB_INSTALL_NAME_BASE = "@rpath";
				GCC_PREFIX_HEADER = "Target Support Files/Alamofire/Alamofire-prefix.pch";
				INFOPLIST_FILE = "Target Support Files/Alamofire/Info.plist";
				INSTALL_PATH = "$(LOCAL_LIBRARY_DIR)/Frameworks";
				IPHONEOS_DEPLOYMENT_TARGET = 8.0;
				LD_RUNPATH_SEARCH_PATHS = "$(inherited) @executable_path/Frameworks @loader_path/Frameworks";
				MODULEMAP_FILE = "Target Support Files/Alamofire/Alamofire.modulemap";
				PRODUCT_MODULE_NAME = Alamofire;
				PRODUCT_NAME = Alamofire;
				SDKROOT = iphoneos;
				SKIP_INSTALL = YES;
				SWIFT_ACTIVE_COMPILATION_CONDITIONS = "$(inherited) ";
				SWIFT_VERSION = 5.0;
				TARGETED_DEVICE_FAMILY = "1,2";
				VALIDATE_PRODUCT = YES;
				VERSIONING_SYSTEM = "apple-generic";
				VERSION_INFO_PREFIX = "";
			};
			name = Release;
		};
		33642A5090B1A808F7EB501800687DBE /* Release */ = {
			isa = XCBuildConfiguration;
			baseConfigurationReference = 8028FB1BE210FE0B75A279A55124BDC8 /* Kingfisher.xcconfig */;
			buildSettings = {
				CODE_SIGN_IDENTITY = "";
				"CODE_SIGN_IDENTITY[sdk=appletvos*]" = "";
				"CODE_SIGN_IDENTITY[sdk=iphoneos*]" = "";
				"CODE_SIGN_IDENTITY[sdk=watchos*]" = "";
				CURRENT_PROJECT_VERSION = 1;
				DEFINES_MODULE = YES;
				DYLIB_COMPATIBILITY_VERSION = 1;
				DYLIB_CURRENT_VERSION = 1;
				DYLIB_INSTALL_NAME_BASE = "@rpath";
				GCC_PREFIX_HEADER = "Target Support Files/Kingfisher/Kingfisher-prefix.pch";
				INFOPLIST_FILE = "Target Support Files/Kingfisher/Info.plist";
				INSTALL_PATH = "$(LOCAL_LIBRARY_DIR)/Frameworks";
				IPHONEOS_DEPLOYMENT_TARGET = 8.0;
				LD_RUNPATH_SEARCH_PATHS = "$(inherited) @executable_path/Frameworks @loader_path/Frameworks";
				MODULEMAP_FILE = "Target Support Files/Kingfisher/Kingfisher.modulemap";
				PRODUCT_MODULE_NAME = Kingfisher;
				PRODUCT_NAME = Kingfisher;
				SDKROOT = iphoneos;
				SKIP_INSTALL = YES;
				SWIFT_ACTIVE_COMPILATION_CONDITIONS = "$(inherited) ";
				SWIFT_VERSION = 5.0;
				TARGETED_DEVICE_FAMILY = "1,2";
				VALIDATE_PRODUCT = YES;
				VERSIONING_SYSTEM = "apple-generic";
				VERSION_INFO_PREFIX = "";
			};
			name = Release;
		};
		57A7DB629EE3BDBD799266962C83DA0D /* Release */ = {
			isa = XCBuildConfiguration;
			baseConfigurationReference = 4CB80025509AFC0728105953BF2CFECD /* Moya.xcconfig */;
			buildSettings = {
				CODE_SIGN_IDENTITY = "";
				"CODE_SIGN_IDENTITY[sdk=appletvos*]" = "";
				"CODE_SIGN_IDENTITY[sdk=iphoneos*]" = "";
				"CODE_SIGN_IDENTITY[sdk=watchos*]" = "";
				CURRENT_PROJECT_VERSION = 1;
				DEFINES_MODULE = YES;
				DYLIB_COMPATIBILITY_VERSION = 1;
				DYLIB_CURRENT_VERSION = 1;
				DYLIB_INSTALL_NAME_BASE = "@rpath";
				GCC_PREFIX_HEADER = "Target Support Files/Moya/Moya-prefix.pch";
				INFOPLIST_FILE = "Target Support Files/Moya/Info.plist";
				INSTALL_PATH = "$(LOCAL_LIBRARY_DIR)/Frameworks";
				IPHONEOS_DEPLOYMENT_TARGET = 8.0;
				LD_RUNPATH_SEARCH_PATHS = "$(inherited) @executable_path/Frameworks @loader_path/Frameworks";
				MODULEMAP_FILE = "Target Support Files/Moya/Moya.modulemap";
				PRODUCT_MODULE_NAME = Moya;
				PRODUCT_NAME = Moya;
				SDKROOT = iphoneos;
				SKIP_INSTALL = YES;
				SWIFT_ACTIVE_COMPILATION_CONDITIONS = "$(inherited) ";
				SWIFT_VERSION = 5.0;
				TARGETED_DEVICE_FAMILY = "1,2";
				VALIDATE_PRODUCT = YES;
				VERSIONING_SYSTEM = "apple-generic";
				VERSION_INFO_PREFIX = "";
			};
			name = Release;
		};
		736F59E37E9FA28F3AEA100AC956867F /* Release */ = {
			isa = XCBuildConfiguration;
			baseConfigurationReference = 089612EAC8F87836A69CCF9FB15B6523 /* Result.xcconfig */;
			buildSettings = {
				CODE_SIGN_IDENTITY = "";
				"CODE_SIGN_IDENTITY[sdk=appletvos*]" = "";
				"CODE_SIGN_IDENTITY[sdk=iphoneos*]" = "";
				"CODE_SIGN_IDENTITY[sdk=watchos*]" = "";
				CURRENT_PROJECT_VERSION = 1;
				DEFINES_MODULE = YES;
				DYLIB_COMPATIBILITY_VERSION = 1;
				DYLIB_CURRENT_VERSION = 1;
				DYLIB_INSTALL_NAME_BASE = "@rpath";
				GCC_PREFIX_HEADER = "Target Support Files/Result/Result-prefix.pch";
				INFOPLIST_FILE = "Target Support Files/Result/Info.plist";
				INSTALL_PATH = "$(LOCAL_LIBRARY_DIR)/Frameworks";
				IPHONEOS_DEPLOYMENT_TARGET = 8.0;
				LD_RUNPATH_SEARCH_PATHS = "$(inherited) @executable_path/Frameworks @loader_path/Frameworks";
				MODULEMAP_FILE = "Target Support Files/Result/Result.modulemap";
				PRODUCT_MODULE_NAME = Result;
				PRODUCT_NAME = Result;
				SDKROOT = iphoneos;
				SKIP_INSTALL = YES;
				SWIFT_ACTIVE_COMPILATION_CONDITIONS = "$(inherited) ";
				SWIFT_VERSION = 5.0;
				TARGETED_DEVICE_FAMILY = "1,2";
				VALIDATE_PRODUCT = YES;
				VERSIONING_SYSTEM = "apple-generic";
				VERSION_INFO_PREFIX = "";
			};
			name = Release;
		};
		81AB35A5EC3B67BB3AF5FE514522ED05 /* Debug */ = {
			isa = XCBuildConfiguration;
			baseConfigurationReference = 089612EAC8F87836A69CCF9FB15B6523 /* Result.xcconfig */;
			buildSettings = {
				CODE_SIGN_IDENTITY = "";
				"CODE_SIGN_IDENTITY[sdk=appletvos*]" = "";
				"CODE_SIGN_IDENTITY[sdk=iphoneos*]" = "";
				"CODE_SIGN_IDENTITY[sdk=watchos*]" = "";
				CURRENT_PROJECT_VERSION = 1;
				DEFINES_MODULE = YES;
				DYLIB_COMPATIBILITY_VERSION = 1;
				DYLIB_CURRENT_VERSION = 1;
				DYLIB_INSTALL_NAME_BASE = "@rpath";
				GCC_PREFIX_HEADER = "Target Support Files/Result/Result-prefix.pch";
				INFOPLIST_FILE = "Target Support Files/Result/Info.plist";
				INSTALL_PATH = "$(LOCAL_LIBRARY_DIR)/Frameworks";
				IPHONEOS_DEPLOYMENT_TARGET = 8.0;
				LD_RUNPATH_SEARCH_PATHS = "$(inherited) @executable_path/Frameworks @loader_path/Frameworks";
				MODULEMAP_FILE = "Target Support Files/Result/Result.modulemap";
				PRODUCT_MODULE_NAME = Result;
				PRODUCT_NAME = Result;
				SDKROOT = iphoneos;
				SKIP_INSTALL = YES;
				SWIFT_ACTIVE_COMPILATION_CONDITIONS = "$(inherited) ";
				SWIFT_VERSION = 5.0;
				TARGETED_DEVICE_FAMILY = "1,2";
				VERSIONING_SYSTEM = "apple-generic";
				VERSION_INFO_PREFIX = "";
			};
			name = Debug;
		};
		8DFC9796FA9E6BCF680E1E0B1780DD0D /* Release */ = {
			isa = XCBuildConfiguration;
			buildSettings = {
				ALWAYS_SEARCH_USER_PATHS = NO;
				CLANG_ANALYZER_NONNULL = YES;
				CLANG_ANALYZER_NUMBER_OBJECT_CONVERSION = YES_AGGRESSIVE;
				CLANG_CXX_LANGUAGE_STANDARD = "gnu++14";
				CLANG_CXX_LIBRARY = "libc++";
				CLANG_ENABLE_MODULES = YES;
				CLANG_ENABLE_OBJC_ARC = YES;
				CLANG_ENABLE_OBJC_WEAK = YES;
				CLANG_WARN_BLOCK_CAPTURE_AUTORELEASING = YES;
				CLANG_WARN_BOOL_CONVERSION = YES;
				CLANG_WARN_COMMA = YES;
				CLANG_WARN_CONSTANT_CONVERSION = YES;
				CLANG_WARN_DEPRECATED_OBJC_IMPLEMENTATIONS = YES;
				CLANG_WARN_DIRECT_OBJC_ISA_USAGE = YES_ERROR;
				CLANG_WARN_DOCUMENTATION_COMMENTS = YES;
				CLANG_WARN_EMPTY_BODY = YES;
				CLANG_WARN_ENUM_CONVERSION = YES;
				CLANG_WARN_INFINITE_RECURSION = YES;
				CLANG_WARN_INT_CONVERSION = YES;
				CLANG_WARN_NON_LITERAL_NULL_CONVERSION = YES;
				CLANG_WARN_OBJC_IMPLICIT_RETAIN_SELF = YES;
				CLANG_WARN_OBJC_LITERAL_CONVERSION = YES;
				CLANG_WARN_OBJC_ROOT_CLASS = YES_ERROR;
				CLANG_WARN_RANGE_LOOP_ANALYSIS = YES;
				CLANG_WARN_STRICT_PROTOTYPES = YES;
				CLANG_WARN_SUSPICIOUS_MOVE = YES;
				CLANG_WARN_UNGUARDED_AVAILABILITY = YES_AGGRESSIVE;
				CLANG_WARN_UNREACHABLE_CODE = YES;
				CLANG_WARN__DUPLICATE_METHOD_MATCH = YES;
				CODE_SIGNING_ALLOWED = NO;
				CODE_SIGNING_REQUIRED = NO;
				COPY_PHASE_STRIP = NO;
				DEBUG_INFORMATION_FORMAT = "dwarf-with-dsym";
				ENABLE_NS_ASSERTIONS = NO;
				ENABLE_STRICT_OBJC_MSGSEND = YES;
				GCC_C_LANGUAGE_STANDARD = gnu11;
				GCC_NO_COMMON_BLOCKS = YES;
				GCC_PREPROCESSOR_DEFINITIONS = (
					"POD_CONFIGURATION_RELEASE=1",
					"$(inherited)",
				);
				GCC_WARN_64_TO_32_BIT_CONVERSION = YES;
				GCC_WARN_ABOUT_RETURN_TYPE = YES_ERROR;
				GCC_WARN_UNDECLARED_SELECTOR = YES;
				GCC_WARN_UNINITIALIZED_AUTOS = YES_AGGRESSIVE;
				GCC_WARN_UNUSED_FUNCTION = YES;
				GCC_WARN_UNUSED_VARIABLE = YES;
				IPHONEOS_DEPLOYMENT_TARGET = 11.0;
				MTL_ENABLE_DEBUG_INFO = NO;
				MTL_FAST_MATH = YES;
				PRODUCT_NAME = "$(TARGET_NAME)";
				STRIP_INSTALLED_PRODUCT = NO;
				SWIFT_OPTIMIZATION_LEVEL = "-Owholemodule";
				SWIFT_VERSION = 4.2;
				SYMROOT = "${SRCROOT}/../build";
			};
			name = Release;
		};
		BA52D2CE0C6DAD952BB8EC253DB633D5 /* Release */ = {
			isa = XCBuildConfiguration;
			baseConfigurationReference = 340A2CC88613CEABF2DC62674F0FA308 /* Pods-ComicCards.release.xcconfig */;
			buildSettings = {
				ALWAYS_EMBED_SWIFT_STANDARD_LIBRARIES = NO;
				CLANG_ENABLE_OBJC_WEAK = NO;
				CODE_SIGN_IDENTITY = "";
				"CODE_SIGN_IDENTITY[sdk=appletvos*]" = "";
				"CODE_SIGN_IDENTITY[sdk=iphoneos*]" = "";
				"CODE_SIGN_IDENTITY[sdk=watchos*]" = "";
				CURRENT_PROJECT_VERSION = 1;
				DEFINES_MODULE = YES;
				DYLIB_COMPATIBILITY_VERSION = 1;
				DYLIB_CURRENT_VERSION = 1;
				DYLIB_INSTALL_NAME_BASE = "@rpath";
				INFOPLIST_FILE = "Target Support Files/Pods-ComicCards/Info.plist";
				INSTALL_PATH = "$(LOCAL_LIBRARY_DIR)/Frameworks";
				IPHONEOS_DEPLOYMENT_TARGET = 11.0;
				LD_RUNPATH_SEARCH_PATHS = "$(inherited) @executable_path/Frameworks @loader_path/Frameworks";
				MACH_O_TYPE = staticlib;
				MODULEMAP_FILE = "Target Support Files/Pods-ComicCards/Pods-ComicCards.modulemap";
				OTHER_LDFLAGS = "";
				OTHER_LIBTOOLFLAGS = "";
				PODS_ROOT = "$(SRCROOT)";
				PRODUCT_BUNDLE_IDENTIFIER = "org.cocoapods.${PRODUCT_NAME:rfc1034identifier}";
				PRODUCT_NAME = "$(TARGET_NAME:c99extidentifier)";
				SDKROOT = iphoneos;
				SKIP_INSTALL = YES;
				TARGETED_DEVICE_FAMILY = "1,2";
				VALIDATE_PRODUCT = YES;
				VERSIONING_SYSTEM = "apple-generic";
				VERSION_INFO_PREFIX = "";
			};
			name = Release;
		};
		C9F5FD1DCBE69B66498FAC0F80EC3FB9 /* Debug */ = {
			isa = XCBuildConfiguration;
			baseConfigurationReference = A0E8B49533E80A60BC439A381341769C /* Pods-ComicCards.debug.xcconfig */;
			buildSettings = {
				ALWAYS_EMBED_SWIFT_STANDARD_LIBRARIES = NO;
				CLANG_ENABLE_OBJC_WEAK = NO;
				CODE_SIGN_IDENTITY = "";
				"CODE_SIGN_IDENTITY[sdk=appletvos*]" = "";
				"CODE_SIGN_IDENTITY[sdk=iphoneos*]" = "";
				"CODE_SIGN_IDENTITY[sdk=watchos*]" = "";
				CURRENT_PROJECT_VERSION = 1;
				DEFINES_MODULE = YES;
				DYLIB_COMPATIBILITY_VERSION = 1;
				DYLIB_CURRENT_VERSION = 1;
				DYLIB_INSTALL_NAME_BASE = "@rpath";
				INFOPLIST_FILE = "Target Support Files/Pods-ComicCards/Info.plist";
				INSTALL_PATH = "$(LOCAL_LIBRARY_DIR)/Frameworks";
				IPHONEOS_DEPLOYMENT_TARGET = 11.0;
				LD_RUNPATH_SEARCH_PATHS = "$(inherited) @executable_path/Frameworks @loader_path/Frameworks";
				MACH_O_TYPE = staticlib;
				MODULEMAP_FILE = "Target Support Files/Pods-ComicCards/Pods-ComicCards.modulemap";
				OTHER_LDFLAGS = "";
				OTHER_LIBTOOLFLAGS = "";
				PODS_ROOT = "$(SRCROOT)";
				PRODUCT_BUNDLE_IDENTIFIER = "org.cocoapods.${PRODUCT_NAME:rfc1034identifier}";
				PRODUCT_NAME = "$(TARGET_NAME:c99extidentifier)";
				SDKROOT = iphoneos;
				SKIP_INSTALL = YES;
				TARGETED_DEVICE_FAMILY = "1,2";
				VERSIONING_SYSTEM = "apple-generic";
				VERSION_INFO_PREFIX = "";
			};
			name = Debug;
		};
		E19471FE7E209D0818DAFB22D649A6E9 /* Debug */ = {
			isa = XCBuildConfiguration;
			buildSettings = {
				ALWAYS_SEARCH_USER_PATHS = NO;
				CLANG_ANALYZER_NONNULL = YES;
				CLANG_ANALYZER_NUMBER_OBJECT_CONVERSION = YES_AGGRESSIVE;
				CLANG_CXX_LANGUAGE_STANDARD = "gnu++14";
				CLANG_CXX_LIBRARY = "libc++";
				CLANG_ENABLE_MODULES = YES;
				CLANG_ENABLE_OBJC_ARC = YES;
				CLANG_ENABLE_OBJC_WEAK = YES;
				CLANG_WARN_BLOCK_CAPTURE_AUTORELEASING = YES;
				CLANG_WARN_BOOL_CONVERSION = YES;
				CLANG_WARN_COMMA = YES;
				CLANG_WARN_CONSTANT_CONVERSION = YES;
				CLANG_WARN_DEPRECATED_OBJC_IMPLEMENTATIONS = YES;
				CLANG_WARN_DIRECT_OBJC_ISA_USAGE = YES_ERROR;
				CLANG_WARN_DOCUMENTATION_COMMENTS = YES;
				CLANG_WARN_EMPTY_BODY = YES;
				CLANG_WARN_ENUM_CONVERSION = YES;
				CLANG_WARN_INFINITE_RECURSION = YES;
				CLANG_WARN_INT_CONVERSION = YES;
				CLANG_WARN_NON_LITERAL_NULL_CONVERSION = YES;
				CLANG_WARN_OBJC_IMPLICIT_RETAIN_SELF = YES;
				CLANG_WARN_OBJC_LITERAL_CONVERSION = YES;
				CLANG_WARN_OBJC_ROOT_CLASS = YES_ERROR;
				CLANG_WARN_RANGE_LOOP_ANALYSIS = YES;
				CLANG_WARN_STRICT_PROTOTYPES = YES;
				CLANG_WARN_SUSPICIOUS_MOVE = YES;
				CLANG_WARN_UNGUARDED_AVAILABILITY = YES_AGGRESSIVE;
				CLANG_WARN_UNREACHABLE_CODE = YES;
				CLANG_WARN__DUPLICATE_METHOD_MATCH = YES;
				CODE_SIGNING_ALLOWED = NO;
				CODE_SIGNING_REQUIRED = NO;
				COPY_PHASE_STRIP = NO;
				DEBUG_INFORMATION_FORMAT = dwarf;
				ENABLE_STRICT_OBJC_MSGSEND = YES;
				ENABLE_TESTABILITY = YES;
				GCC_C_LANGUAGE_STANDARD = gnu11;
				GCC_DYNAMIC_NO_PIC = NO;
				GCC_NO_COMMON_BLOCKS = YES;
				GCC_OPTIMIZATION_LEVEL = 0;
				GCC_PREPROCESSOR_DEFINITIONS = (
					"POD_CONFIGURATION_DEBUG=1",
					"DEBUG=1",
					"$(inherited)",
				);
				GCC_WARN_64_TO_32_BIT_CONVERSION = YES;
				GCC_WARN_ABOUT_RETURN_TYPE = YES_ERROR;
				GCC_WARN_UNDECLARED_SELECTOR = YES;
				GCC_WARN_UNINITIALIZED_AUTOS = YES_AGGRESSIVE;
				GCC_WARN_UNUSED_FUNCTION = YES;
				GCC_WARN_UNUSED_VARIABLE = YES;
				IPHONEOS_DEPLOYMENT_TARGET = 11.0;
				MTL_ENABLE_DEBUG_INFO = INCLUDE_SOURCE;
				MTL_FAST_MATH = YES;
				ONLY_ACTIVE_ARCH = YES;
				PRODUCT_NAME = "$(TARGET_NAME)";
				STRIP_INSTALLED_PRODUCT = NO;
				SWIFT_ACTIVE_COMPILATION_CONDITIONS = DEBUG;
				SWIFT_OPTIMIZATION_LEVEL = "-Onone";
				SWIFT_VERSION = 4.2;
				SYMROOT = "${SRCROOT}/../build";
			};
			name = Debug;
		};
		F9711F223F590669E94B504F3CC44301 /* Debug */ = {
			isa = XCBuildConfiguration;
			baseConfigurationReference = CDFD6E1FB7522D7A27B66AAAD7A05BAE /* Alamofire.xcconfig */;
			buildSettings = {
				CODE_SIGN_IDENTITY = "";
				"CODE_SIGN_IDENTITY[sdk=appletvos*]" = "";
				"CODE_SIGN_IDENTITY[sdk=iphoneos*]" = "";
				"CODE_SIGN_IDENTITY[sdk=watchos*]" = "";
				CURRENT_PROJECT_VERSION = 1;
				DEFINES_MODULE = YES;
				DYLIB_COMPATIBILITY_VERSION = 1;
				DYLIB_CURRENT_VERSION = 1;
				DYLIB_INSTALL_NAME_BASE = "@rpath";
				GCC_PREFIX_HEADER = "Target Support Files/Alamofire/Alamofire-prefix.pch";
				INFOPLIST_FILE = "Target Support Files/Alamofire/Info.plist";
				INSTALL_PATH = "$(LOCAL_LIBRARY_DIR)/Frameworks";
				IPHONEOS_DEPLOYMENT_TARGET = 8.0;
				LD_RUNPATH_SEARCH_PATHS = "$(inherited) @executable_path/Frameworks @loader_path/Frameworks";
				MODULEMAP_FILE = "Target Support Files/Alamofire/Alamofire.modulemap";
				PRODUCT_MODULE_NAME = Alamofire;
				PRODUCT_NAME = Alamofire;
				SDKROOT = iphoneos;
				SKIP_INSTALL = YES;
				SWIFT_ACTIVE_COMPILATION_CONDITIONS = "$(inherited) ";
				SWIFT_VERSION = 5.0;
				TARGETED_DEVICE_FAMILY = "1,2";
				VERSIONING_SYSTEM = "apple-generic";
				VERSION_INFO_PREFIX = "";
			};
			name = Debug;
		};
		FBD0CFB9F3284FBEE9E42C76011847C2 /* Debug */ = {
			isa = XCBuildConfiguration;
			baseConfigurationReference = 8028FB1BE210FE0B75A279A55124BDC8 /* Kingfisher.xcconfig */;
			buildSettings = {
				CODE_SIGN_IDENTITY = "";
				"CODE_SIGN_IDENTITY[sdk=appletvos*]" = "";
				"CODE_SIGN_IDENTITY[sdk=iphoneos*]" = "";
				"CODE_SIGN_IDENTITY[sdk=watchos*]" = "";
				CURRENT_PROJECT_VERSION = 1;
				DEFINES_MODULE = YES;
				DYLIB_COMPATIBILITY_VERSION = 1;
				DYLIB_CURRENT_VERSION = 1;
				DYLIB_INSTALL_NAME_BASE = "@rpath";
				GCC_PREFIX_HEADER = "Target Support Files/Kingfisher/Kingfisher-prefix.pch";
				INFOPLIST_FILE = "Target Support Files/Kingfisher/Info.plist";
				INSTALL_PATH = "$(LOCAL_LIBRARY_DIR)/Frameworks";
				IPHONEOS_DEPLOYMENT_TARGET = 8.0;
				LD_RUNPATH_SEARCH_PATHS = "$(inherited) @executable_path/Frameworks @loader_path/Frameworks";
				MODULEMAP_FILE = "Target Support Files/Kingfisher/Kingfisher.modulemap";
				PRODUCT_MODULE_NAME = Kingfisher;
				PRODUCT_NAME = Kingfisher;
				SDKROOT = iphoneos;
				SKIP_INSTALL = YES;
				SWIFT_ACTIVE_COMPILATION_CONDITIONS = "$(inherited) ";
				SWIFT_VERSION = 5.0;
				TARGETED_DEVICE_FAMILY = "1,2";
				VERSIONING_SYSTEM = "apple-generic";
				VERSION_INFO_PREFIX = "";
			};
			name = Debug;
		};
/* End XCBuildConfiguration section */

/* Begin XCConfigurationList section */
		055CB86039F87F17BFAACCE5B1899A4E /* Build configuration list for PBXNativeTarget "Kingfisher" */ = {
			isa = XCConfigurationList;
			buildConfigurations = (
				FBD0CFB9F3284FBEE9E42C76011847C2 /* Debug */,
				33642A5090B1A808F7EB501800687DBE /* Release */,
			);
			defaultConfigurationIsVisible = 0;
			defaultConfigurationName = Release;
		};
		2D8E8EC45A3A1A1D94AE762CB5028504 /* Build configuration list for PBXProject "Pods" */ = {
			isa = XCConfigurationList;
			buildConfigurations = (
				E19471FE7E209D0818DAFB22D649A6E9 /* Debug */,
				8DFC9796FA9E6BCF680E1E0B1780DD0D /* Release */,
			);
			defaultConfigurationIsVisible = 0;
			defaultConfigurationName = Release;
		};
		427F0F003A1AD80AE00155AFCDEFAC20 /* Build configuration list for PBXNativeTarget "Alamofire" */ = {
			isa = XCConfigurationList;
			buildConfigurations = (
				F9711F223F590669E94B504F3CC44301 /* Debug */,
				1EAFDB7DE59A16060DF36FC40DC2E750 /* Release */,
			);
			defaultConfigurationIsVisible = 0;
			defaultConfigurationName = Release;
		};
		47F5467C3436D69CEF57024EDBB89D5C /* Build configuration list for PBXNativeTarget "Pods-ComicCards" */ = {
			isa = XCConfigurationList;
			buildConfigurations = (
				C9F5FD1DCBE69B66498FAC0F80EC3FB9 /* Debug */,
				BA52D2CE0C6DAD952BB8EC253DB633D5 /* Release */,
			);
			defaultConfigurationIsVisible = 0;
			defaultConfigurationName = Release;
		};
		605DE461E02E47EDEB7D484FA97A3984 /* Build configuration list for PBXNativeTarget "Result" */ = {
			isa = XCConfigurationList;
			buildConfigurations = (
				81AB35A5EC3B67BB3AF5FE514522ED05 /* Debug */,
				736F59E37E9FA28F3AEA100AC956867F /* Release */,
			);
			defaultConfigurationIsVisible = 0;
			defaultConfigurationName = Release;
		};
		9E9D2F5261EAA65244BD9F776088EA14 /* Build configuration list for PBXNativeTarget "Moya" */ = {
			isa = XCConfigurationList;
			buildConfigurations = (
				184CC87603705AFB563448B6A61F8A47 /* Debug */,
				57A7DB629EE3BDBD799266962C83DA0D /* Release */,
			);
			defaultConfigurationIsVisible = 0;
			defaultConfigurationName = Release;
		};
/* End XCConfigurationList section */
	};
	rootObject = D41D8CD98F00B204E9800998ECF8427E /* Project object */;
}
